
Microsoft Visual Studio Solution File, Format Version 12.00
# Visual Studio Version 16
VisualStudioVersion = 16.0.29209.152
MinimumVisualStudioVersion = 10.0.40219.1
Project("{2150E333-8FDC-42A3-9474-1A3956D46DE8}") = "dev", "dev", "{67599AD5-51EC-44CB-85CE-B60CD8CBA270}"
EndProject
Project("{8BC9CEB8-8B4A-11D0-8D11-00A0C91BC942}") = "Common", "dev\Common\Common.vcxitems", "{80AD7F51-8997-47B9-BB41-078B81CFF9B0}"
EndProject
Project("{2150E333-8FDC-42A3-9474-1A3956D46DE8}") = "Tools", "Tools", "{5EF3865D-EFAC-4676-B1E6-FB09DD7C67FD}"
	ProjectSection(SolutionItems) = preProject
		.editorconfig = .editorconfig
		.gitattributes = .gitattributes
		.gitignore = .gitignore
		tools\addaliases.cmd = tools\addaliases.cmd
		Build.cmd = Build.cmd
		tools\CheckCompatibility.cmd = tools\CheckCompatibility.cmd
		tools\CheckCompatibility.ps1 = tools\CheckCompatibility.ps1
		tools\CodeGenHelpers.psm1 = tools\CodeGenHelpers.psm1
		DevCmd.cmd = DevCmd.cmd
		tools\ExtractPackageDependencies.cmd = tools\ExtractPackageDependencies.cmd
		tools\ExtractPackageDependencies.ps1 = tools\ExtractPackageDependencies.ps1
		tools\GenerateAppxDependenciesXML.cmd = tools\GenerateAppxDependenciesXML.cmd
		tools\GenerateAppxDependenciesXML.ps1 = tools\GenerateAppxDependenciesXML.ps1
		tools\GenerateNewProperty.ps1 = tools\GenerateNewProperty.ps1
		tools\GenerateSystemDllImageResources.ps1 = tools\GenerateSystemDllImageResources.ps1
		tools\GenerateSystemDllStringResources.ps1 = tools\GenerateSystemDllStringResources.ps1
		tools\GenerateVisualVerificationUpdates.ps1 = tools\GenerateVisualVerificationUpdates.ps1
		tools\GenerateXamlMetadata.ps1 = tools\GenerateXamlMetadata.ps1
		tools\GenerateXamlMetadataWindowsCodeGen.ps1 = tools\GenerateXamlMetadataWindowsCodeGen.ps1
		tools\LaunchXde.cmd = tools\LaunchXde.cmd
		tools\LaunchXde.ps1 = tools\LaunchXde.ps1
		tools\MakeAppxHelper.cmd = tools\MakeAppxHelper.cmd
		tools\MakeVSIXHelper.cmd = tools\MakeVSIXHelper.cmd
		nuget.config = nuget.config
		tools\NugetWrapper.cmd = tools\NugetWrapper.cmd
		tools\PkgGen.cmd = tools\PkgGen.cmd
		tools\PostBuild.cmd = tools\PostBuild.cmd
		tools\PostBuildWrapper.cmd = tools\PostBuildWrapper.cmd
		tools\PostTestsWrapper.cmd = tools\PostTestsWrapper.cmd
		tools\PowershellWrapper.cmd = tools\PowershellWrapper.cmd
		tools\ps.bat = tools\ps.bat
		tools\PSProfile.ps1 = tools\PSProfile.ps1
		tools\PublishChunk.cmd = tools\PublishChunk.cmd
		tools\PublishNupkg.cmd = tools\PublishNupkg.cmd
		RunTests.ps1 = RunTests.ps1
		tools\sign.cmd = tools\sign.cmd
		tools\UninstallVSIX.cmd = tools\UninstallVSIX.cmd
		tools\Utils.psm1 = tools\Utils.psm1
	EndProjectSection
EndProject
Project("{8BC9CEB8-8B4A-11D0-8D11-00A0C91BC942}") = "Microsoft.UI.Xaml", "dev\dll\Microsoft.UI.Xaml.vcxproj", "{AD0C90B0-4845-4D4B-88F1-86F653F8171B}"
EndProject
Project("{2150E333-8FDC-42A3-9474-1A3956D46DE8}") = "test", "test", "{D3327F36-E161-4FED-A0F4-56F2B735827E}"
EndProject
Project("{8BC9CEB8-8B4A-11D0-8D11-00A0C91BC942}") = "Collections", "dev\Collections\Collections.vcxitems", "{395A71A1-4327-477B-85D4-AF0851732CCB}"
EndProject
Project("{2150E333-8FDC-42A3-9474-1A3956D46DE8}") = "TREXDefs", "TREXDefs", "{1739D66B-9813-4370-AF65-2D297DA28016}"
EndProject
Project("{2150E333-8FDC-42A3-9474-1A3956D46DE8}") = "x86", "x86", "{CECCF922-C9B8-430B-942D-E1ADB6EC3359}"
EndProject
Project("{2150E333-8FDC-42A3-9474-1A3956D46DE8}") = "amd64", "amd64", "{B651FAF5-92D5-4574-B2FB-18B0C1AF0738}"
EndProject
Project("{2150E333-8FDC-42A3-9474-1A3956D46DE8}") = "build", "build", "{CDC531B5-F8D8-4A8D-8653-0470B07B2404}"
	ProjectSection(SolutionItems) = preProject
		mux.controls.props = mux.controls.props
		build\SignConfig.xml = build\SignConfig.xml
		version.props = version.props
	EndProjectSection
EndProject
Project("{2150E333-8FDC-42A3-9474-1A3956D46DE8}") = "Common", "Common", "{5654F115-F01A-495B-91C7-09408ABF14F0}"
EndProject
Project("{2150E333-8FDC-42A3-9474-1A3956D46DE8}") = "NuSpecs", "NuSpecs", "{F11EB84D-8AED-4C99-B130-8BFD4E8D03EB}"
	ProjectSection(SolutionItems) = preProject
		build\NuSpecs\build-nupkg.cmd = build\NuSpecs\build-nupkg.cmd
		build\NuSpecs\build-nupkg.ps1 = build\NuSpecs\build-nupkg.ps1
		build\NuSpecs\MUXControls-Nuget-Common.targets = build\NuSpecs\MUXControls-Nuget-Common.targets
		build\NuSpecs\MUXControls-Nuget-FrameworkPackage.props = build\NuSpecs\MUXControls-Nuget-FrameworkPackage.props
		build\NuSpecs\MUXControls-Nuget-FrameworkPackage.targets = build\NuSpecs\MUXControls-Nuget-FrameworkPackage.targets
		build\NuSpecs\MUXControls-Nuget-Native.targets = build\NuSpecs\MUXControls-Nuget-Native.targets
		build\NuSpecs\MUXControls.nuspec = build\NuSpecs\MUXControls.nuspec
		build\NuSpecs\MUXControlsFrameworkPackage.nuspec = build\NuSpecs\MUXControlsFrameworkPackage.nuspec
		build\NuSpecs\VisualStudioToolsManifest.xml = build\NuSpecs\VisualStudioToolsManifest.xml
	EndProjectSection
EndProject
Project("{2150E333-8FDC-42A3-9474-1A3956D46DE8}") = "FrameworkPackage", "FrameworkPackage", "{447F5D0D-9189-4B8A-BCDC-0FE67646DE97}"
	ProjectSection(SolutionItems) = preProject
		build\FrameworkPackage\FrameworkPackage.csproj = build\FrameworkPackage\FrameworkPackage.csproj
		build\FrameworkPackage\MakeFrameworkPackage.cmd = build\FrameworkPackage\MakeFrameworkPackage.cmd
		build\FrameworkPackage\MakeFrameworkPackage.ps1 = build\FrameworkPackage\MakeFrameworkPackage.ps1
	EndProjectSection
EndProject
Project("{8BC9CEB8-8B4A-11D0-8D11-00A0C91BC942}") = "ResourceHelper", "dev\ResourceHelper\ResourceHelper.vcxitems", "{45D41ACC-2C3C-43D2-BC10-02AA73FFC7C7}"
EndProject
Project("{8BC9CEB8-8B4A-11D0-8D11-00A0C91BC942}") = "Telemetry", "dev\Telemetry\Telemetry.vcxitems", "{0DB22BA9-6053-459B-BAF5-E82EA1C78AB3}"
EndProject
Project("{2150E333-8FDC-42A3-9474-1A3956D46DE8}") = "Materials", "Materials", "{414D2AE4-5B65-43E1-9C11-D94817835B3D}"
EndProject
Project("{2150E333-8FDC-42A3-9474-1A3956D46DE8}") = "Acrylic", "Acrylic", "{96707BBD-8D2A-4715-8DDA-3A60E4AF9914}"
EndProject
Project("{8BC9CEB8-8B4A-11D0-8D11-00A0C91BC942}") = "AcrylicBrush", "dev\Materials\Acrylic\AcrylicBrush.vcxitems", "{3AFFD0CE-C682-4E59-A9D4-BE8EC3F485DA}"
EndProject
Project("{2150E333-8FDC-42A3-9474-1A3956D46DE8}") = "Reveal", "Reveal", "{CE762527-4CC8-4604-A0DD-9EA4CB29C4A9}"
EndProject
Project("{8BC9CEB8-8B4A-11D0-8D11-00A0C91BC942}") = "RevealBrush", "dev\Materials\Reveal\RevealBrush.vcxitems", "{4993A99D-57AE-4EE7-A3C1-0840ED127608}"
EndProject
Project("{2150E333-8FDC-42A3-9474-1A3956D46DE8}") = "Effects", "Effects", "{73E823BC-5485-4F26-9B09-8B83C133EE6B}"
EndProject
Project("{8BC9CEB8-8B4A-11D0-8D11-00A0C91BC942}") = "Microsoft.UI.Private.Composition.Effects", "dev\Effects\Microsoft.UI.Private.Composition.Effects.vcxitems", "{1522A856-17CE-4178-A6B3-0692F90D7C55}"
EndProject
Project("{2150E333-8FDC-42A3-9474-1A3956D46DE8}") = "Localization", "Localization", "{5FC770CF-73C1-407A-A195-FDFCEDB2930B}"
	ProjectSection(SolutionItems) = preProject
		build\Localization\LocalizationAutomation.proj = build\Localization\LocalizationAutomation.proj
		build\Localization\NuGet.Config = build\Localization\NuGet.Config
		build\Localization\readme.md = build\Localization\readme.md
		build\Localization\RunLocWorkflow.cmd = build\Localization\RunLocWorkflow.cmd
		build\Localization\RunLocWorkflow.ps1 = build\Localization\RunLocWorkflow.ps1
	EndProjectSection
EndProject
Project("{2150E333-8FDC-42A3-9474-1A3956D46DE8}") = "Lights", "Lights", "{F131939C-ECA6-4B18-A798-72229871B403}"
EndProject
Project("{8BC9CEB8-8B4A-11D0-8D11-00A0C91BC942}") = "Lights", "dev\Lights\Lights.vcxitems", "{3479A3AE-2854-4BEC-80AB-EAB0772CB90A}"
EndProject
Project("{2150E333-8FDC-42A3-9474-1A3956D46DE8}") = "PriConfig", "PriConfig", "{7B4DCB6D-069F-437C-BD82-E2690F4F23E5}"
	ProjectSection(SolutionItems) = preProject
		build\FrameworkPackage\PriConfig\embed.resfiles = build\FrameworkPackage\PriConfig\embed.resfiles
		build\FrameworkPackage\PriConfig\priconfig.xml = build\FrameworkPackage\PriConfig\priconfig.xml
	EndProjectSection
EndProject
Project("{2150E333-8FDC-42A3-9474-1A3956D46DE8}") = "FrameworkPackageContents", "FrameworkPackageContents", "{67D2AC53-8CC0-409F-AD3C-2FCDB0CFBBB4}"
	ProjectSection(SolutionItems) = preProject
		build\FrameworkPackage\FrameworkPackageContents\AppxManifest.xml = build\FrameworkPackage\FrameworkPackageContents\AppxManifest.xml
		build\FrameworkPackage\FrameworkPackageContents\FrameworkPackageFiles.txt = build\FrameworkPackage\FrameworkPackageContents\FrameworkPackageFiles.txt
		build\FrameworkPackage\FrameworkPackageContents\logo.png = build\FrameworkPackage\FrameworkPackageContents\logo.png
	EndProjectSection
EndProject
Project("{D954291E-2A0B-460D-934E-DC6B0785DB48}") = "Reveal_TestUI", "dev\Materials\Reveal\TestUI\Reveal_TestUI.shproj", "{5BF80AE9-29DF-4BE9-858A-F095C8073473}"
EndProject
Project("{8BC9CEB8-8B4A-11D0-8D11-00A0C91BC942}") = "TestAppCX", "test\TestAppCX\TestAppCX.vcxproj", "{92081F61-98BB-4105-A90F-B6D524B4F5C9}"
EndProject
Project("{D954291E-2A0B-460D-934E-DC6B0785DB48}") = "Lights_ApiTests", "dev\lights\ApiTests\Lights_ApiTests\Lights_ApiTests.shproj", "{02ED27BE-97E4-4327-BB96-8B3FA6869C48}"
EndProject
Project("{D954291E-2A0B-460D-934E-DC6B0785DB48}") = "CommonManaged", "dev\CommonManaged\CommonManaged.shproj", "{85A134E5-C83F-44A4-80DF-59F6EBF6C60D}"
EndProject
Project("{D954291E-2A0B-460D-934E-DC6B0785DB48}") = "AcrylicBrush_TestUI", "dev\Materials\Acrylic\TestUI\AcrylicBrush_TestUI.shproj", "{A800E818-7212-4FD7-AE3A-1DCAB539DB87}"
EndProject
Project("{D954291E-2A0B-460D-934E-DC6B0785DB48}") = "AcrylicBrush_ApiTests", "dev\Materials\Acrylic\APITests\AcrylicBrush_ApiTests.shproj", "{593E15D8-F6F9-4ABA-BA65-C6927C178DBD}"
EndProject
Project("{D954291E-2A0B-460D-934E-DC6B0785DB48}") = "AcrylicBrush_InteractionTests", "dev\Materials\Acrylic\InteractionTests\AcrylicBrush_InteractionTests.shproj", "{F601284A-00C1-49F9-99B3-70D45585F784}"
EndProject
Project("{D954291E-2A0B-460D-934E-DC6B0785DB48}") = "Reveal_InteractionTests", "dev\Materials\Reveal\InteractionTests\Reveal_InteractionTests\Reveal_InteractionTests.shproj", "{1F2872E7-28C9-4C01-88ED-73C43EE1C9A4}"
EndProject
Project("{2150E333-8FDC-42A3-9474-1A3956D46DE8}") = "CodeCoverage", "CodeCoverage", "{5FE8E48E-0A1E-4443-B0B7-B6F25A96829E}"
	ProjectSection(SolutionItems) = preProject
		tools\CodeCoverage\CodeCoverage.psm1 = tools\CodeCoverage\CodeCoverage.psm1
		tools\CodeCoverage\CreateCodeCoverageReport.cmd = tools\CodeCoverage\CreateCodeCoverageReport.cmd
		tools\CodeCoverage\CreateCodeCoverageReport.ps1 = tools\CodeCoverage\CreateCodeCoverageReport.ps1
		tools\CodeCoverage\CreateCodeCoverageReportWrapper.cmd = tools\CodeCoverage\CreateCodeCoverageReportWrapper.cmd
		tools\CodeCoverage\InstrumentBinaries.cmd = tools\CodeCoverage\InstrumentBinaries.cmd
		tools\CodeCoverage\InstrumentBinaries.ps1 = tools\CodeCoverage\InstrumentBinaries.ps1
		tools\CodeCoverage\PkgGen.cmd = tools\CodeCoverage\PkgGen.cmd
		tools\CodeCoverage\PostBuild.cmd = tools\CodeCoverage\PostBuild.cmd
		tools\CodeCoverage\PostBuildWrapper.cmd = tools\CodeCoverage\PostBuildWrapper.cmd
		tools\CodeCoverage\PushCodeCoverageData.ps1 = tools\CodeCoverage\PushCodeCoverageData.ps1
		tools\CodeCoverage\PushCodeCoverageSymbols.cmd = tools\CodeCoverage\PushCodeCoverageSymbols.cmd
		tools\CodeCoverage\PushCodeCoverageSymbols.ps1 = tools\CodeCoverage\PushCodeCoverageSymbols.ps1
		tools\CodeCoverage\StartCodeCoverage.ps1 = tools\CodeCoverage\StartCodeCoverage.ps1
		tools\CodeCoverage\StopCodeCoverage.ps1 = tools\CodeCoverage\StopCodeCoverage.ps1
	EndProjectSection
EndProject
Project("{2150E333-8FDC-42A3-9474-1A3956D46DE8}") = "amd64_CodeCoverage", "amd64_CodeCoverage", "{23ED12A5-D2CB-4D6C-82B7-2D18060699F6}"
EndProject
Project("{2150E333-8FDC-42A3-9474-1A3956D46DE8}") = "x86_CodeCoverage", "x86_CodeCoverage", "{5BD2E9D8-DC70-4CA9-91CD-B38746E68746}"
EndProject
Project("{D954291E-2A0B-460D-934E-DC6B0785DB48}") = "Reveal_APITests", "dev\Materials\Reveal\APITests\Reveal_APITests.shproj", "{5049EA6C-88CE-4ED5-8692-947EEC9E52BC}"
EndProject
Project("{2150E333-8FDC-42A3-9474-1A3956D46DE8}") = "WindowsPorting", "WindowsPorting", "{EE9F64DF-7F2B-45F0-82AA-F0DFF577AB82}"
	ProjectSection(SolutionItems) = preProject
		tools\WindowsPorting\Cleanup.cmd = tools\WindowsPorting\Cleanup.cmd
		tools\WindowsPorting\PerformMUXControlsPort.cmd = tools\WindowsPorting\PerformMUXControlsPort.cmd
		tools\WindowsPorting\PkgGenOS.cmd = tools\WindowsPorting\PkgGenOS.cmd
		tools\WindowsPorting\PublishSources.cmd = tools\WindowsPorting\PublishSources.cmd
		tools\WindowsPorting\PublishSourcesWrapper.cmd = tools\WindowsPorting\PublishSourcesWrapper.cmd
		tools\WindowsPorting\SetParentVariables.cmd = tools\WindowsPorting\SetParentVariables.cmd
		tools\WindowsPorting\SetSyncToWindowsVariables.cmd = tools\WindowsPorting\SetSyncToWindowsVariables.cmd
		tools\WindowsPorting\SetSyncToWindowsVariablesWrapper.cmd = tools\WindowsPorting\SetSyncToWindowsVariablesWrapper.cmd
	EndProjectSection
EndProject
Project("{8BC9CEB8-8B4A-11D0-8D11-00A0C91BC942}") = "TestHooks", "dev\TestHooks\TestHooks.vcxitems", "{848448D5-F717-4F88-8F99-311CD60587FA}"
EndProject
Project("{2150E333-8FDC-42A3-9474-1A3956D46DE8}") = "ScriptsToCopy", "ScriptsToCopy", "{06BD5D83-CB4B-4FA9-8931-89BDB212B9AF}"
	ProjectSection(SolutionItems) = preProject
		tools\WindowsPorting\ScriptsToCopy\buildcontrols.cmd = tools\WindowsPorting\ScriptsToCopy\buildcontrols.cmd
		tools\WindowsPorting\ScriptsToCopy\CommitSync.cmd = tools\WindowsPorting\ScriptsToCopy\CommitSync.cmd
		tools\WindowsPorting\ScriptsToCopy\CommitSync.ps1 = tools\WindowsPorting\ScriptsToCopy\CommitSync.ps1
		tools\WindowsPorting\ScriptsToCopy\SyncToMUXControls.cmd = tools\WindowsPorting\ScriptsToCopy\SyncToMUXControls.cmd
		tools\WindowsPorting\ScriptsToCopy\SyncToMUXControls.ps1 = tools\WindowsPorting\ScriptsToCopy\SyncToMUXControls.ps1
	EndProjectSection
EndProject
Project("{2150E333-8FDC-42A3-9474-1A3956D46DE8}") = "Interactions", "Interactions", "{3393A555-DA02-4310-AC37-129EE88661A0}"
EndProject
Project("{2150E333-8FDC-42A3-9474-1A3956D46DE8}") = "ButtonInteraction", "ButtonInteraction", "{5D192660-07E0-4176-AE0A-EFEBAFA3C315}"
EndProject
Project("{D954291E-2A0B-460D-934E-DC6B0785DB48}") = "ButtonInteraction_APITests", "dev\Interactions\ButtonInteraction\APITests\ButtonInteraction_APITests.shproj", "{8DC0EA14-D850-4C6E-8918-BEEB89E877BD}"
EndProject
Project("{D954291E-2A0B-460D-934E-DC6B0785DB48}") = "ButtonInteraction_InteractionTests", "dev\Interactions\ButtonInteraction\InteractionTests\ButtonInteraction_InteractionTests.shproj", "{C332CEAF-68B6-4980-B6F3-B15E350CDCE0}"
EndProject
Project("{8BC9CEB8-8B4A-11D0-8D11-00A0C91BC942}") = "ButtonInteraction", "dev\Interactions\ButtonInteraction\ButtonInteraction.vcxitems", "{2459BC06-2AE5-4C65-BA73-AB28090B6FAB}"
EndProject
Project("{D954291E-2A0B-460D-934E-DC6B0785DB48}") = "ButtonInteraction_TestUI", "dev\Interactions\ButtonInteraction\TestUI\ButtonInteraction_TestUI.shproj", "{11B35F24-72B2-4228-9960-0D1EA283E1AF}"
EndProject
Project("{2150E333-8FDC-42A3-9474-1A3956D46DE8}") = "SliderInteraction", "SliderInteraction", "{F518C300-1796-49AB-9A4F-0530BB285245}"
EndProject
Project("{8BC9CEB8-8B4A-11D0-8D11-00A0C91BC942}") = "SliderInteraction", "dev\Interactions\SliderInteraction\SliderInteraction.vcxitems", "{D097A4D5-6B61-424D-99F0-F335EFF41665}"
EndProject
Project("{D954291E-2A0B-460D-934E-DC6B0785DB48}") = "SliderInteraction_APITests", "dev\Interactions\SliderInteraction\APITests\SliderInteraction_APITests.shproj", "{48F7B68B-8050-4523-8374-963AA3B2834F}"
EndProject
Project("{D954291E-2A0B-460D-934E-DC6B0785DB48}") = "SliderInteraction_InteractionTests", "dev\Interactions\SliderInteraction\InteractionTests\SliderInteraction_InteractionTests.shproj", "{BBBB0ADD-4E05-430C-9FFD-08A299FD1B06}"
EndProject
Project("{D954291E-2A0B-460D-934E-DC6B0785DB48}") = "SliderInteraction_TestUI", "dev\Interactions\SliderInteraction\TestUI\SliderInteraction_TestUI.shproj", "{80F1F883-D49B-407D-9E77-C9B0E62B61A9}"
EndProject
Project("{2150E333-8FDC-42A3-9474-1A3956D46DE8}") = "CommandBarFlyout", "CommandBarFlyout", "{C112A71E-D9C2-4085-851A-A7BB2910595D}"
EndProject
Project("{8BC9CEB8-8B4A-11D0-8D11-00A0C91BC942}") = "CommandBarFlyout", "dev\CommandBarFlyout\CommandBarFlyout.vcxitems", "{11C085FF-8F68-48EE-9949-6EECBD0CBE6C}"
EndProject
Project("{D954291E-2A0B-460D-934E-DC6B0785DB48}") = "CommandBarFlyout_APITests", "dev\CommandBarFlyout\APITests\CommandBarFlyout_APITests.shproj", "{8F6F9336-C45C-40C1-ABDA-3679A20434B1}"
EndProject
Project("{D954291E-2A0B-460D-934E-DC6B0785DB48}") = "CommandBarFlyout_InteractionTests", "dev\CommandBarFlyout\InteractionTests\CommandBarFlyout_InteractionTests.shproj", "{16F32F80-A8B6-44E0-9D99-0E1C2C8E0579}"
EndProject
Project("{D954291E-2A0B-460D-934E-DC6B0785DB48}") = "CommandBarFlyout_TestUI", "dev\CommandBarFlyout\TestUI\CommandBarFlyout_TestUI.shproj", "{E63F1C1D-F06D-46A0-B5C2-184184E44F29}"
EndProject
Project("{D954291E-2A0B-460D-934E-DC6B0785DB48}") = "TestAppUtils", "test\TestAppUtils\TestAppUtils.shproj", "{FB0D3053-3135-403F-B542-977F3B781673}"
EndProject
Project("{D954291E-2A0B-460D-934E-DC6B0785DB48}") = "CommonStyles_TestUI", "dev\CommonStyles\TestUI\CommonStyles_TestUI.shproj", "{A7F6D6C4-A5A9-43EB-930C-B766417A5E5C}"
EndProject
Project("{D954291E-2A0B-460D-934E-DC6B0785DB48}") = "CommonStyles_InteractionTests", "dev\CommonStyles\InteractionTests\CommonStyles_InteractionTests.shproj", "{A25AE312-7C11-4E30-AE35-2E31C744A250}"
EndProject
Project("{2150E333-8FDC-42A3-9474-1A3956D46DE8}") = "CommonStyles", "CommonStyles", "{807E57C8-F3E8-4049-AB88-BE3D3285B441}"
EndProject
Project("{8BC9CEB8-8B4A-11D0-8D11-00A0C91BC942}") = "CommonStyles", "dev\CommonStyles\CommonStyles.vcxitems", "{3A07FA59-C5C1-4B46-8B31-043F9CA91226}"
EndProject
Project("{FAE04EC0-301F-11D3-BF4B-00C04F79EFBC}") = "MUXControlsTestApp", "test\MUXControlsTestApp\MSTest\MUXControlsTestApp.csproj", "{FBC396F5-26DD-4CA3-981E-C7BC9FEA4546}"
EndProject
Project("{FAE04EC0-301F-11D3-BF4B-00C04F79EFBC}") = "MUXControlsTestApp.TAEF", "test\MUXControlsTestApp\TAEF\MUXControlsTestApp.TAEF.csproj", "{DEDC1E4F-CFA5-4443-83EB-E79D425DF7E7}"
EndProject
Project("{D954291E-2A0B-460D-934E-DC6B0785DB48}") = "MUXControls.Test.Shared", "test\MUXControls.Test\MUXControls.Test.Shared.shproj", "{E9FC52CD-519A-41BB-8092-523FFA9D5617}"
EndProject
Project("{D954291E-2A0B-460D-934E-DC6B0785DB48}") = "IXMPTestApp.Shared", "test\IXMPTestApp\IXMPTestApp.Shared.shproj", "{DE061ED1-947E-487C-81B8-32E92E85B95F}"
EndProject
Project("{2150E333-8FDC-42A3-9474-1A3956D46DE8}") = "IXMPTestApp", "IXMPTestApp", "{C9B1268D-8639-424F-8AEC-EF4EC5459184}"
EndProject
Project("{2150E333-8FDC-42A3-9474-1A3956D46DE8}") = "MUXControls.Test", "MUXControls.Test", "{85F9040A-109D-42FF-9BE3-4CF4181DDEF1}"
EndProject
Project("{2150E333-8FDC-42A3-9474-1A3956D46DE8}") = "MUXControlsTestApp", "MUXControlsTestApp", "{666B53C4-A747-4538-AA51-8FF9DEE1BF60}"
EndProject
Project("{FAE04EC0-301F-11D3-BF4B-00C04F79EFBC}") = "Microsoft.UI.Xaml.Design", "dev\Microsoft.UI.Xaml.Design\Microsoft.UI.Xaml.Design.csproj", "{1CEEC8E3-419A-4304-841C-08A334B9E4FF}"
EndProject
Project("{D954291E-2A0B-460D-934E-DC6B0785DB48}") = "MUXControlsTestApp.Shared", "test\MUXControlsTestApp\MUXControlsTestApp.Shared.shproj", "{6AA772A6-CBF7-4FF3-8864-BC9366015DC2}"
EndProject
Project("{9A19103F-16F7-4668-BE54-9A1E7A4F7556}") = "MUXControls.Test", "test\MUXControls.Test\MSTest\MUXControls.Test.csproj", "{D59C7B8E-5C09-4856-8AF3-25585A888707}"
EndProject
Project("{9A19103F-16F7-4668-BE54-9A1E7A4F7556}") = "MUXControls.Test.TAEF", "test\MUXControls.Test\TAEF\MUXControls.Test.TAEF.csproj", "{4D8C5D1B-F982-44A1-B744-DD0E51651BF2}"
EndProject
Project("{FAE04EC0-301F-11D3-BF4B-00C04F79EFBC}") = "IXMPTestApp", "test\IXMPTestApp\MSTest\IXMPTestApp.csproj", "{FCC396F5-26DD-4CA3-981E-C7BC9FEA4546}"
EndProject
Project("{FAE04EC0-301F-11D3-BF4B-00C04F79EFBC}") = "IXMPTestApp.TAEF", "test\IXMPTestApp\TAEF\IXMPTestApp.TAEF.csproj", "{74F24BC4-794D-4CB2-8420-80FF7FDACFE9}"
EndProject
Project("{D954291E-2A0B-460D-934E-DC6B0785DB48}") = "CommonStyles_APITests", "dev\CommonStyles\APITests\CommonStyles_APITests.shproj", "{BA914F48-E924-4FD2-AEE1-264F67DB6C9F}"
EndProject
Project("{FAE04EC0-301F-11D3-BF4B-00C04F79EFBC}") = "Microsoft.UI.Xaml.FrameworkPackagePRI", "dev\Microsoft.UI.Xaml.FrameworkPackagePRI\Microsoft.UI.Xaml.FrameworkPackagePRI.csproj", "{9638BF0D-2AA8-4642-A9F1-790BF7FBECF2}"
EndProject
Project("{2150E333-8FDC-42A3-9474-1A3956D46DE8}") = "TestInfra", "TestInfra", "{C0215617-A17B-45DB-9CDA-C46C0923DA55}"
EndProject
Project("{8BC9CEB8-8B4A-11D0-8D11-00A0C91BC942}") = "AppTestAutomationHelpers", "test\testinfra\AppTestAutomationHelpers\AppTestAutomationHelpers.vcxproj", "{128E6F7A-578C-48DC-BD3F-750EC662C268}"
EndProject
Project("{D954291E-2A0B-460D-934E-DC6B0785DB48}") = "MUXTestInfra.Shared", "test\testinfra\MUXTestInfra\MUXTestInfra.Shared.shproj", "{107794D7-4BE0-407E-A76C-EFA46D1E9F93}"
EndProject
Project("{9A19103F-16F7-4668-BE54-9A1E7A4F7556}") = "MUXTestInfra.TAEF", "test\testinfra\MUXTestInfra\TAEF\MUXTestInfra.TAEF.csproj", "{DB2DBB48-C807-4F7C-943E-385E77DF7BDE}"
EndProject
Project("{9A19103F-16F7-4668-BE54-9A1E7A4F7556}") = "MUXTestInfra.MSTest", "test\testinfra\MUXTestInfra\MSTest\MUXTestInfra.MSTest.csproj", "{6B4C9F2E-6A2C-48AD-944B-49B9E9BF028D}"
EndProject
Project("{2150E333-8FDC-42A3-9474-1A3956D46DE8}") = "Backdrop", "Backdrop", "{5693A4DE-E468-4EB1-86C2-1C3EEE4C75DC}"
EndProject
Project("{8BC9CEB8-8B4A-11D0-8D11-00A0C91BC942}") = "SystemBackdropComponent", "dev\Materials\Backdrop\SystemBackdropComponent.vcxitems", "{99AF040E-B77B-487D-9CC8-3334E1F1162A}"
EndProject
Project("{D954291E-2A0B-460D-934E-DC6B0785DB48}") = "BackdropMaterial_TestUI", "dev\Materials\Backdrop\TestUI\BackdropMaterial_TestUI.shproj", "{B2DBABB6-2CE4-49A4-84E8-4CBC6F4BA8EF}"
EndProject
Project("{D954291E-2A0B-460D-934E-DC6B0785DB48}") = "BackdropMaterial_InteractionTests", "dev\Materials\Backdrop\InteractionTests\BackdropMaterial_InteractionTests.shproj", "{E4E384EF-7A6C-4DB4-9E59-2D9B45871544}"
EndProject
Global
	GlobalSection(SharedMSBuildProjectFiles) = preSolution
		dev\lights\ApiTests\Lights_ApiTests\Lights_ApiTests.projitems*{02ed27be-97e4-4327-bb96-8b3fa6869c48}*SharedItemsImports = 13
		dev\Telemetry\Telemetry.vcxitems*{0db22ba9-6053-459b-baf5-e82ea1c78ab3}*SharedItemsImports = 9
		test\testinfra\MUXTestInfra\MUXTestInfra.Shared.projitems*{107794d7-4be0-407e-a76c-efa46d1e9f93}*SharedItemsImports = 13
		dev\Interactions\ButtonInteraction\TestUI\ButtonInteraction_TestUI.projitems*{11b35f24-72b2-4228-9960-0d1ea283e1af}*SharedItemsImports = 13
		dev\CommandBarFlyout\CommandBarFlyout.vcxitems*{11c085ff-8f68-48ee-9949-6eecbd0cbe6c}*SharedItemsImports = 9
		dev\Effects\Microsoft.UI.Private.Composition.Effects.vcxitems*{1522a856-17ce-4178-a6b3-0692f90d7c55}*SharedItemsImports = 9
		dev\CommandBarFlyout\InteractionTests\CommandBarFlyout_InteractionTests.projitems*{16f32f80-a8b6-44e0-9d99-0e1c2c8e0579}*SharedItemsImports = 13
		dev\Materials\Reveal\InteractionTests\Reveal_InteractionTests\Reveal_InteractionTests.projitems*{1f2872e7-28c9-4c01-88ed-73c43ee1c9a4}*SharedItemsImports = 13
		dev\Interactions\ButtonInteraction\ButtonInteraction.vcxitems*{2459bc06-2ae5-4c65-ba73-ab28090b6fab}*SharedItemsImports = 9
		dev\Lights\Lights.vcxitems*{3479a3ae-2854-4bec-80ab-eab0772cb90a}*SharedItemsImports = 9
		dev\Collections\Collections.vcxitems*{395a71a1-4327-477b-85d4-af0851732ccb}*SharedItemsImports = 9
		dev\CommonStyles\CommonStyles.vcxitems*{3a07fa59-c5c1-4b46-8b31-043f9ca91226}*SharedItemsImports = 9
		dev\Materials\Acrylic\AcrylicBrush.vcxitems*{3affd0ce-c682-4e59-a9d4-be8ec3f485da}*SharedItemsImports = 9
		dev\ResourceHelper\ResourceHelper.vcxitems*{45d41acc-2c3c-43d2-bc10-02aa73ffc7c7}*SharedItemsImports = 9
		dev\Interactions\SliderInteraction\APITests\SliderInteraction_APITests.projitems*{48f7b68b-8050-4523-8374-963aa3b2834f}*SharedItemsImports = 13
		dev\Materials\Reveal\RevealBrush.vcxitems*{4993a99d-57ae-4ee7-a3c1-0840ed127608}*SharedItemsImports = 9
		dev\Materials\Reveal\APITests\Reveal_APITests.projitems*{5049ea6c-88ce-4ed5-8692-947eec9e52bc}*SharedItemsImports = 13
		dev\Materials\Acrylic\APITests\AcrylicBrush_ApiTests.projitems*{593e15d8-f6f9-4aba-ba65-c6927c178dbd}*SharedItemsImports = 13
		dev\Materials\Reveal\TestUI\Reveal_TestUI.projitems*{5bf80ae9-29df-4be9-858a-f095c8073473}*SharedItemsImports = 13
		test\MUXControlsTestApp\MUXControlsTestApp.Shared.projitems*{6aa772a6-cbf7-4ff3-8864-bc9366015dc2}*SharedItemsImports = 13
		dev\CommonManaged\CommonManaged.projitems*{74f24bc4-794d-4cb2-8420-80ff7fdacfe9}*SharedItemsImports = 4
		dev\Common\Common.vcxitems*{80ad7f51-8997-47b9-bb41-078b81cff9b0}*SharedItemsImports = 9
		dev\Interactions\SliderInteraction\TestUI\SliderInteraction_TestUI.projitems*{80f1f883-d49b-407d-9e77-c9b0e62b61a9}*SharedItemsImports = 13
		dev\TestHooks\TestHooks.vcxitems*{848448d5-f717-4f88-8f99-311cd60587fa}*SharedItemsImports = 9
		dev\CommonManaged\CommonManaged.projitems*{85a134e5-c83f-44a4-80df-59f6ebf6c60d}*SharedItemsImports = 13
		dev\Interactions\ButtonInteraction\APITests\ButtonInteraction_APITests.projitems*{8dc0ea14-d850-4c6e-8918-beeb89e877bd}*SharedItemsImports = 13
		dev\CommandBarFlyout\APITests\CommandBarFlyout_APITests.projitems*{8f6f9336-c45c-40c1-abda-3679a20434b1}*SharedItemsImports = 13
		dev\Materials\Backdrop\SystemBackdropComponent.vcxitems*{99af040e-b77b-487d-9cc8-3334e1f1162a}*SharedItemsImports = 9
		dev\CommonStyles\InteractionTests\CommonStyles_InteractionTests.projitems*{a25ae312-7c11-4e30-ae35-2e31c744a250}*SharedItemsImports = 13
		dev\CommonStyles\TestUI\CommonStyles_TestUI.projitems*{a7f6d6c4-a5a9-43eb-930c-b766417a5e5c}*SharedItemsImports = 13
		dev\Materials\Acrylic\TestUI\AcrylicBrush_TestUI.projitems*{a800e818-7212-4fd7-ae3a-1dcab539db87}*SharedItemsImports = 13
		dev\Collections\Collections.vcxitems*{ad0c90b0-4845-4d4b-88f1-86f653f8171b}*SharedItemsImports = 4
		dev\CommandBarFlyout\CommandBarFlyout.vcxitems*{ad0c90b0-4845-4d4b-88f1-86f653f8171b}*SharedItemsImports = 4
		dev\CommonStyles\CommonStyles.vcxitems*{ad0c90b0-4845-4d4b-88f1-86f653f8171b}*SharedItemsImports = 4
		dev\Common\Common.vcxitems*{ad0c90b0-4845-4d4b-88f1-86f653f8171b}*SharedItemsImports = 4
		dev\Effects\Microsoft.UI.Private.Composition.Effects.vcxitems*{ad0c90b0-4845-4d4b-88f1-86f653f8171b}*SharedItemsImports = 4
		dev\Interactions\ButtonInteraction\ButtonInteraction.vcxitems*{ad0c90b0-4845-4d4b-88f1-86f653f8171b}*SharedItemsImports = 4
		dev\Interactions\SliderInteraction\SliderInteraction.vcxitems*{ad0c90b0-4845-4d4b-88f1-86f653f8171b}*SharedItemsImports = 4
		dev\Lights\Lights.vcxitems*{ad0c90b0-4845-4d4b-88f1-86f653f8171b}*SharedItemsImports = 4
		dev\Materials\Acrylic\AcrylicBrush.vcxitems*{ad0c90b0-4845-4d4b-88f1-86f653f8171b}*SharedItemsImports = 4
		dev\Materials\Backdrop\SystemBackdropComponent.vcxitems*{ad0c90b0-4845-4d4b-88f1-86f653f8171b}*SharedItemsImports = 4
		dev\Materials\Reveal\RevealBrush.vcxitems*{ad0c90b0-4845-4d4b-88f1-86f653f8171b}*SharedItemsImports = 4
		dev\ResourceHelper\ResourceHelper.vcxitems*{ad0c90b0-4845-4d4b-88f1-86f653f8171b}*SharedItemsImports = 4
		dev\Telemetry\Telemetry.vcxitems*{ad0c90b0-4845-4d4b-88f1-86f653f8171b}*SharedItemsImports = 4
		dev\TestHooks\TestHooks.vcxitems*{ad0c90b0-4845-4d4b-88f1-86f653f8171b}*SharedItemsImports = 4
		dev\Materials\Backdrop\TestUI\BackdropMaterial_TestUI.projitems*{b2dbabb6-2ce4-49a4-84e8-4cbc6f4ba8ef}*SharedItemsImports = 13
		dev\CommonStyles\APITests\CommonStyles_ApiTests.projitems*{ba914f48-e924-4fd2-aee1-264f67db6c9f}*SharedItemsImports = 13
		dev\Interactions\SliderInteraction\InteractionTests\SliderInteraction_InteractionTests.projitems*{bbbb0add-4e05-430c-9ffd-08a299fd1b06}*SharedItemsImports = 13
		dev\Interactions\ButtonInteraction\InteractionTests\ButtonInteraction_InteractionTests.projitems*{c332ceaf-68b6-4980-b6f3-b15e350cdce0}*SharedItemsImports = 13
		dev\Interactions\SliderInteraction\SliderInteraction.vcxitems*{d097a4d5-6b61-424d-99f0-f335eff41665}*SharedItemsImports = 9
		dev\CommonManaged\CommonManaged.projitems*{de061ed1-947e-487c-81b8-32e92e85b95f}*SharedItemsImports = 13
		test\IXMPTestApp\IXMPTestApp.Shared.projitems*{de061ed1-947e-487c-81b8-32e92e85b95f}*SharedItemsImports = 13
		dev\CommandBarFlyout\APITests\CommandBarFlyout_APITests.projitems*{dedc1e4f-cfa5-4443-83eb-e79d425df7e7}*SharedItemsImports = 4
		dev\CommandBarFlyout\TestUI\CommandBarFlyout_TestUI.projitems*{dedc1e4f-cfa5-4443-83eb-e79d425df7e7}*SharedItemsImports = 4
		dev\CommonManaged\CommonManaged.projitems*{dedc1e4f-cfa5-4443-83eb-e79d425df7e7}*SharedItemsImports = 4
		dev\CommonStyles\APITests\CommonStyles_ApiTests.projitems*{dedc1e4f-cfa5-4443-83eb-e79d425df7e7}*SharedItemsImports = 4
		dev\CommonStyles\TestUI\CommonStyles_TestUI.projitems*{dedc1e4f-cfa5-4443-83eb-e79d425df7e7}*SharedItemsImports = 4
		dev\Materials\Acrylic\APITests\AcrylicBrush_ApiTests.projitems*{dedc1e4f-cfa5-4443-83eb-e79d425df7e7}*SharedItemsImports = 4
		dev\Materials\Acrylic\TestUI\AcrylicBrush_TestUI.projitems*{dedc1e4f-cfa5-4443-83eb-e79d425df7e7}*SharedItemsImports = 4
		dev\Materials\Backdrop\TestUI\BackdropMaterial_TestUI.projitems*{dedc1e4f-cfa5-4443-83eb-e79d425df7e7}*SharedItemsImports = 4
		dev\Materials\Reveal\APITests\Reveal_APITests.projitems*{dedc1e4f-cfa5-4443-83eb-e79d425df7e7}*SharedItemsImports = 4
		dev\Materials\Reveal\TestUI\Reveal_TestUI.projitems*{dedc1e4f-cfa5-4443-83eb-e79d425df7e7}*SharedItemsImports = 4
		dev\PullToRefresh\ScrollViewerIRefreshInfoProviderAdapter\TestUI\ScrollViewerAdapter_TestUI.projitems*{dedc1e4f-cfa5-4443-83eb-e79d425df7e7}*SharedItemsImports = 4
		test\TestAppUtils\TestAppUtils.projitems*{dedc1e4f-cfa5-4443-83eb-e79d425df7e7}*SharedItemsImports = 4
		dev\Materials\Backdrop\InteractionTests\BackdropMaterial_InteractionTests.projitems*{e4e384ef-7a6c-4db4-9e59-2d9b45871544}*SharedItemsImports = 13
		dev\CommandBarFlyout\TestUI\CommandBarFlyout_TestUI.projitems*{e63f1c1d-f06d-46a0-b5c2-184184e44f29}*SharedItemsImports = 13
		test\MUXControls.Test\MUXControls.Test.Shared.projitems*{e9fc52cd-519a-41bb-8092-523ffa9d5617}*SharedItemsImports = 13
		dev\Materials\Acrylic\InteractionTests\AcrylicBrush_InteractionTests.projitems*{f601284a-00c1-49f9-99b3-70d45585f784}*SharedItemsImports = 13
		test\TestAppUtils\TestAppUtils.projitems*{fb0d3053-3135-403f-b542-977f3b781673}*SharedItemsImports = 13
		dev\CommandBarFlyout\APITests\CommandBarFlyout_APITests.projitems*{fbc396f5-26dd-4ca3-981e-c7bc9fea4546}*SharedItemsImports = 4
		dev\CommandBarFlyout\TestUI\CommandBarFlyout_TestUI.projitems*{fbc396f5-26dd-4ca3-981e-c7bc9fea4546}*SharedItemsImports = 4
		dev\CommonManaged\CommonManaged.projitems*{fbc396f5-26dd-4ca3-981e-c7bc9fea4546}*SharedItemsImports = 4
		dev\CommonStyles\APITests\CommonStyles_ApiTests.projitems*{fbc396f5-26dd-4ca3-981e-c7bc9fea4546}*SharedItemsImports = 4
		dev\CommonStyles\TestUI\CommonStyles_TestUI.projitems*{fbc396f5-26dd-4ca3-981e-c7bc9fea4546}*SharedItemsImports = 4
		dev\Materials\Acrylic\APITests\AcrylicBrush_ApiTests.projitems*{fbc396f5-26dd-4ca3-981e-c7bc9fea4546}*SharedItemsImports = 4
		dev\Materials\Acrylic\TestUI\AcrylicBrush_TestUI.projitems*{fbc396f5-26dd-4ca3-981e-c7bc9fea4546}*SharedItemsImports = 4
		dev\Materials\Backdrop\TestUI\BackdropMaterial_TestUI.projitems*{fbc396f5-26dd-4ca3-981e-c7bc9fea4546}*SharedItemsImports = 4
		dev\Materials\Reveal\APITests\Reveal_APITests.projitems*{fbc396f5-26dd-4ca3-981e-c7bc9fea4546}*SharedItemsImports = 4
		dev\Materials\Reveal\TestUI\Reveal_TestUI.projitems*{fbc396f5-26dd-4ca3-981e-c7bc9fea4546}*SharedItemsImports = 4
		dev\PullToRefresh\ScrollViewerIRefreshInfoProviderAdapter\TestUI\ScrollViewerAdapter_TestUI.projitems*{fbc396f5-26dd-4ca3-981e-c7bc9fea4546}*SharedItemsImports = 4
		test\TestAppUtils\TestAppUtils.projitems*{fbc396f5-26dd-4ca3-981e-c7bc9fea4546}*SharedItemsImports = 4
		dev\CommonManaged\CommonManaged.projitems*{fcc396f5-26dd-4ca3-981e-c7bc9fea4546}*SharedItemsImports = 4
	EndGlobalSection
	GlobalSection(SolutionConfigurationPlatforms) = preSolution
		Debug_test|ARM = Debug_test|ARM
		Debug_test|arm64 = Debug_test|arm64
		Debug_test|x64 = Debug_test|x64
		Debug_test|x86 = Debug_test|x86
		Debug|ARM = Debug|ARM
		Debug|arm64 = Debug|arm64
		Debug|x64 = Debug|x64
		Debug|x86 = Debug|x86
		Release|ARM = Release|ARM
		Release|arm64 = Release|arm64
		Release|x64 = Release|x64
		Release|x86 = Release|x86
	EndGlobalSection
	GlobalSection(ProjectConfigurationPlatforms) = postSolution
		{AD0C90B0-4845-4D4B-88F1-86F653F8171B}.Debug_test|ARM.ActiveCfg = Debug|ARM
		{AD0C90B0-4845-4D4B-88F1-86F653F8171B}.Debug_test|ARM.Build.0 = Debug|ARM
		{AD0C90B0-4845-4D4B-88F1-86F653F8171B}.Debug_test|arm64.ActiveCfg = Debug|arm64
		{AD0C90B0-4845-4D4B-88F1-86F653F8171B}.Debug_test|arm64.Build.0 = Debug|arm64
		{AD0C90B0-4845-4D4B-88F1-86F653F8171B}.Debug_test|x64.ActiveCfg = Debug|x64
		{AD0C90B0-4845-4D4B-88F1-86F653F8171B}.Debug_test|x64.Build.0 = Debug|x64
		{AD0C90B0-4845-4D4B-88F1-86F653F8171B}.Debug_test|x86.ActiveCfg = Debug|Win32
		{AD0C90B0-4845-4D4B-88F1-86F653F8171B}.Debug_test|x86.Build.0 = Debug|Win32
		{AD0C90B0-4845-4D4B-88F1-86F653F8171B}.Debug|ARM.ActiveCfg = Debug|ARM
		{AD0C90B0-4845-4D4B-88F1-86F653F8171B}.Debug|ARM.Build.0 = Debug|ARM
		{AD0C90B0-4845-4D4B-88F1-86F653F8171B}.Debug|arm64.ActiveCfg = Debug|arm64
		{AD0C90B0-4845-4D4B-88F1-86F653F8171B}.Debug|arm64.Build.0 = Debug|arm64
		{AD0C90B0-4845-4D4B-88F1-86F653F8171B}.Debug|x64.ActiveCfg = Debug|x64
		{AD0C90B0-4845-4D4B-88F1-86F653F8171B}.Debug|x64.Build.0 = Debug|x64
		{AD0C90B0-4845-4D4B-88F1-86F653F8171B}.Debug|x86.ActiveCfg = Debug|Win32
		{AD0C90B0-4845-4D4B-88F1-86F653F8171B}.Debug|x86.Build.0 = Debug|Win32
		{AD0C90B0-4845-4D4B-88F1-86F653F8171B}.Release|ARM.ActiveCfg = Release|ARM
		{AD0C90B0-4845-4D4B-88F1-86F653F8171B}.Release|ARM.Build.0 = Release|ARM
		{AD0C90B0-4845-4D4B-88F1-86F653F8171B}.Release|arm64.ActiveCfg = Release|arm64
		{AD0C90B0-4845-4D4B-88F1-86F653F8171B}.Release|arm64.Build.0 = Release|arm64
		{AD0C90B0-4845-4D4B-88F1-86F653F8171B}.Release|x64.ActiveCfg = Release|x64
		{AD0C90B0-4845-4D4B-88F1-86F653F8171B}.Release|x64.Build.0 = Release|x64
		{AD0C90B0-4845-4D4B-88F1-86F653F8171B}.Release|x86.ActiveCfg = Release|Win32
		{AD0C90B0-4845-4D4B-88F1-86F653F8171B}.Release|x86.Build.0 = Release|Win32
		{92081F61-98BB-4105-A90F-B6D524B4F5C9}.Debug_test|ARM.ActiveCfg = Debug|ARM
		{92081F61-98BB-4105-A90F-B6D524B4F5C9}.Debug_test|ARM.Build.0 = Debug|ARM
		{92081F61-98BB-4105-A90F-B6D524B4F5C9}.Debug_test|ARM.Deploy.0 = Debug|ARM
		{92081F61-98BB-4105-A90F-B6D524B4F5C9}.Debug_test|arm64.ActiveCfg = Debug|ARM
		{92081F61-98BB-4105-A90F-B6D524B4F5C9}.Debug_test|x64.ActiveCfg = Debug|x64
		{92081F61-98BB-4105-A90F-B6D524B4F5C9}.Debug_test|x64.Build.0 = Debug|x64
		{92081F61-98BB-4105-A90F-B6D524B4F5C9}.Debug_test|x64.Deploy.0 = Debug|x64
		{92081F61-98BB-4105-A90F-B6D524B4F5C9}.Debug_test|x86.ActiveCfg = Debug|Win32
		{92081F61-98BB-4105-A90F-B6D524B4F5C9}.Debug_test|x86.Build.0 = Debug|Win32
		{92081F61-98BB-4105-A90F-B6D524B4F5C9}.Debug_test|x86.Deploy.0 = Debug|Win32
		{92081F61-98BB-4105-A90F-B6D524B4F5C9}.Debug|ARM.ActiveCfg = Debug|ARM
		{92081F61-98BB-4105-A90F-B6D524B4F5C9}.Debug|ARM.Build.0 = Debug|ARM
		{92081F61-98BB-4105-A90F-B6D524B4F5C9}.Debug|ARM.Deploy.0 = Debug|ARM
		{92081F61-98BB-4105-A90F-B6D524B4F5C9}.Debug|arm64.ActiveCfg = Debug|ARM
		{92081F61-98BB-4105-A90F-B6D524B4F5C9}.Debug|x64.ActiveCfg = Debug|x64
		{92081F61-98BB-4105-A90F-B6D524B4F5C9}.Debug|x64.Build.0 = Debug|x64
		{92081F61-98BB-4105-A90F-B6D524B4F5C9}.Debug|x64.Deploy.0 = Debug|x64
		{92081F61-98BB-4105-A90F-B6D524B4F5C9}.Debug|x86.ActiveCfg = Debug|Win32
		{92081F61-98BB-4105-A90F-B6D524B4F5C9}.Debug|x86.Build.0 = Debug|Win32
		{92081F61-98BB-4105-A90F-B6D524B4F5C9}.Debug|x86.Deploy.0 = Debug|Win32
		{92081F61-98BB-4105-A90F-B6D524B4F5C9}.Release|ARM.ActiveCfg = Release|ARM
		{92081F61-98BB-4105-A90F-B6D524B4F5C9}.Release|ARM.Build.0 = Release|ARM
		{92081F61-98BB-4105-A90F-B6D524B4F5C9}.Release|ARM.Deploy.0 = Release|ARM
		{92081F61-98BB-4105-A90F-B6D524B4F5C9}.Release|arm64.ActiveCfg = Release|ARM
		{92081F61-98BB-4105-A90F-B6D524B4F5C9}.Release|x64.ActiveCfg = Release|x64
		{92081F61-98BB-4105-A90F-B6D524B4F5C9}.Release|x64.Build.0 = Release|x64
		{92081F61-98BB-4105-A90F-B6D524B4F5C9}.Release|x64.Deploy.0 = Release|x64
		{92081F61-98BB-4105-A90F-B6D524B4F5C9}.Release|x86.ActiveCfg = Release|Win32
		{92081F61-98BB-4105-A90F-B6D524B4F5C9}.Release|x86.Build.0 = Release|Win32
		{92081F61-98BB-4105-A90F-B6D524B4F5C9}.Release|x86.Deploy.0 = Release|Win32
		{FBC396F5-26DD-4CA3-981E-C7BC9FEA4546}.Debug_test|ARM.ActiveCfg = Debug_test|ARM
		{FBC396F5-26DD-4CA3-981E-C7BC9FEA4546}.Debug_test|ARM.Build.0 = Debug_test|ARM
		{FBC396F5-26DD-4CA3-981E-C7BC9FEA4546}.Debug_test|ARM.Deploy.0 = Debug_test|ARM
		{FBC396F5-26DD-4CA3-981E-C7BC9FEA4546}.Debug_test|arm64.ActiveCfg = Debug_test|arm64
		{FBC396F5-26DD-4CA3-981E-C7BC9FEA4546}.Debug_test|x64.ActiveCfg = Debug_test|x64
		{FBC396F5-26DD-4CA3-981E-C7BC9FEA4546}.Debug_test|x64.Build.0 = Debug_test|x64
		{FBC396F5-26DD-4CA3-981E-C7BC9FEA4546}.Debug_test|x64.Deploy.0 = Debug_test|x64
		{FBC396F5-26DD-4CA3-981E-C7BC9FEA4546}.Debug_test|x86.ActiveCfg = Debug_test|x86
		{FBC396F5-26DD-4CA3-981E-C7BC9FEA4546}.Debug_test|x86.Build.0 = Debug_test|x86
		{FBC396F5-26DD-4CA3-981E-C7BC9FEA4546}.Debug_test|x86.Deploy.0 = Debug_test|x86
		{FBC396F5-26DD-4CA3-981E-C7BC9FEA4546}.Debug|ARM.ActiveCfg = Debug|ARM
		{FBC396F5-26DD-4CA3-981E-C7BC9FEA4546}.Debug|ARM.Build.0 = Debug|ARM
		{FBC396F5-26DD-4CA3-981E-C7BC9FEA4546}.Debug|ARM.Deploy.0 = Debug|ARM
		{FBC396F5-26DD-4CA3-981E-C7BC9FEA4546}.Debug|arm64.ActiveCfg = Debug|arm64
		{FBC396F5-26DD-4CA3-981E-C7BC9FEA4546}.Debug|x64.ActiveCfg = Debug|x64
		{FBC396F5-26DD-4CA3-981E-C7BC9FEA4546}.Debug|x64.Build.0 = Debug|x64
		{FBC396F5-26DD-4CA3-981E-C7BC9FEA4546}.Debug|x64.Deploy.0 = Debug|x64
		{FBC396F5-26DD-4CA3-981E-C7BC9FEA4546}.Debug|x86.ActiveCfg = Debug|x86
		{FBC396F5-26DD-4CA3-981E-C7BC9FEA4546}.Debug|x86.Build.0 = Debug|x86
		{FBC396F5-26DD-4CA3-981E-C7BC9FEA4546}.Debug|x86.Deploy.0 = Debug|x86
		{FBC396F5-26DD-4CA3-981E-C7BC9FEA4546}.Release|ARM.ActiveCfg = Release|ARM
		{FBC396F5-26DD-4CA3-981E-C7BC9FEA4546}.Release|ARM.Build.0 = Release|ARM
		{FBC396F5-26DD-4CA3-981E-C7BC9FEA4546}.Release|ARM.Deploy.0 = Release|ARM
		{FBC396F5-26DD-4CA3-981E-C7BC9FEA4546}.Release|arm64.ActiveCfg = Release|arm64
		{FBC396F5-26DD-4CA3-981E-C7BC9FEA4546}.Release|x64.ActiveCfg = Release|x64
		{FBC396F5-26DD-4CA3-981E-C7BC9FEA4546}.Release|x64.Build.0 = Release|x64
		{FBC396F5-26DD-4CA3-981E-C7BC9FEA4546}.Release|x64.Deploy.0 = Release|x64
		{FBC396F5-26DD-4CA3-981E-C7BC9FEA4546}.Release|x86.ActiveCfg = Release|x86
		{FBC396F5-26DD-4CA3-981E-C7BC9FEA4546}.Release|x86.Build.0 = Release|x86
		{FBC396F5-26DD-4CA3-981E-C7BC9FEA4546}.Release|x86.Deploy.0 = Release|x86
		{DEDC1E4F-CFA5-4443-83EB-E79D425DF7E7}.Debug_test|ARM.ActiveCfg = Debug_test|ARM
		{DEDC1E4F-CFA5-4443-83EB-E79D425DF7E7}.Debug_test|ARM.Build.0 = Debug_test|ARM
		{DEDC1E4F-CFA5-4443-83EB-E79D425DF7E7}.Debug_test|ARM.Deploy.0 = Debug_test|ARM
		{DEDC1E4F-CFA5-4443-83EB-E79D425DF7E7}.Debug_test|arm64.ActiveCfg = Debug_test|arm64
		{DEDC1E4F-CFA5-4443-83EB-E79D425DF7E7}.Debug_test|x64.ActiveCfg = Debug_test|x64
		{DEDC1E4F-CFA5-4443-83EB-E79D425DF7E7}.Debug_test|x64.Build.0 = Debug_test|x64
		{DEDC1E4F-CFA5-4443-83EB-E79D425DF7E7}.Debug_test|x64.Deploy.0 = Debug_test|x64
		{DEDC1E4F-CFA5-4443-83EB-E79D425DF7E7}.Debug_test|x86.ActiveCfg = Debug_test|x86
		{DEDC1E4F-CFA5-4443-83EB-E79D425DF7E7}.Debug_test|x86.Build.0 = Debug_test|x86
		{DEDC1E4F-CFA5-4443-83EB-E79D425DF7E7}.Debug_test|x86.Deploy.0 = Debug_test|x86
		{DEDC1E4F-CFA5-4443-83EB-E79D425DF7E7}.Debug|ARM.ActiveCfg = Debug|ARM
		{DEDC1E4F-CFA5-4443-83EB-E79D425DF7E7}.Debug|ARM.Build.0 = Debug|ARM
		{DEDC1E4F-CFA5-4443-83EB-E79D425DF7E7}.Debug|ARM.Deploy.0 = Debug|ARM
		{DEDC1E4F-CFA5-4443-83EB-E79D425DF7E7}.Debug|arm64.ActiveCfg = Debug|arm64
		{DEDC1E4F-CFA5-4443-83EB-E79D425DF7E7}.Debug|x64.ActiveCfg = Debug|x64
		{DEDC1E4F-CFA5-4443-83EB-E79D425DF7E7}.Debug|x64.Build.0 = Debug|x64
		{DEDC1E4F-CFA5-4443-83EB-E79D425DF7E7}.Debug|x64.Deploy.0 = Debug|x64
		{DEDC1E4F-CFA5-4443-83EB-E79D425DF7E7}.Debug|x86.ActiveCfg = Debug|x86
		{DEDC1E4F-CFA5-4443-83EB-E79D425DF7E7}.Debug|x86.Build.0 = Debug|x86
		{DEDC1E4F-CFA5-4443-83EB-E79D425DF7E7}.Debug|x86.Deploy.0 = Debug|x86
		{DEDC1E4F-CFA5-4443-83EB-E79D425DF7E7}.Release|ARM.ActiveCfg = Release|ARM
		{DEDC1E4F-CFA5-4443-83EB-E79D425DF7E7}.Release|ARM.Build.0 = Release|ARM
		{DEDC1E4F-CFA5-4443-83EB-E79D425DF7E7}.Release|ARM.Deploy.0 = Release|ARM
		{DEDC1E4F-CFA5-4443-83EB-E79D425DF7E7}.Release|arm64.ActiveCfg = Release|arm64
		{DEDC1E4F-CFA5-4443-83EB-E79D425DF7E7}.Release|x64.ActiveCfg = Release|x64
		{DEDC1E4F-CFA5-4443-83EB-E79D425DF7E7}.Release|x64.Build.0 = Release|x64
		{DEDC1E4F-CFA5-4443-83EB-E79D425DF7E7}.Release|x64.Deploy.0 = Release|x64
		{DEDC1E4F-CFA5-4443-83EB-E79D425DF7E7}.Release|x86.ActiveCfg = Release|x86
		{DEDC1E4F-CFA5-4443-83EB-E79D425DF7E7}.Release|x86.Build.0 = Release|x86
		{DEDC1E4F-CFA5-4443-83EB-E79D425DF7E7}.Release|x86.Deploy.0 = Release|x86
		{1CEEC8E3-419A-4304-841C-08A334B9E4FF}.Debug_test|ARM.ActiveCfg = Debug|arm
		{1CEEC8E3-419A-4304-841C-08A334B9E4FF}.Debug_test|ARM.Build.0 = Debug|arm
		{1CEEC8E3-419A-4304-841C-08A334B9E4FF}.Debug_test|arm64.ActiveCfg = Debug|arm64
		{1CEEC8E3-419A-4304-841C-08A334B9E4FF}.Debug_test|arm64.Build.0 = Debug|arm64
		{1CEEC8E3-419A-4304-841C-08A334B9E4FF}.Debug_test|x64.ActiveCfg = Debug|x64
		{1CEEC8E3-419A-4304-841C-08A334B9E4FF}.Debug_test|x64.Build.0 = Debug|x64
		{1CEEC8E3-419A-4304-841C-08A334B9E4FF}.Debug_test|x86.ActiveCfg = Debug|x86
		{1CEEC8E3-419A-4304-841C-08A334B9E4FF}.Debug_test|x86.Build.0 = Debug|x86
		{1CEEC8E3-419A-4304-841C-08A334B9E4FF}.Debug|ARM.ActiveCfg = Debug|arm
		{1CEEC8E3-419A-4304-841C-08A334B9E4FF}.Debug|ARM.Build.0 = Debug|arm
		{1CEEC8E3-419A-4304-841C-08A334B9E4FF}.Debug|arm64.ActiveCfg = Debug|arm64
		{1CEEC8E3-419A-4304-841C-08A334B9E4FF}.Debug|arm64.Build.0 = Debug|arm64
		{1CEEC8E3-419A-4304-841C-08A334B9E4FF}.Debug|x64.ActiveCfg = Debug|x64
		{1CEEC8E3-419A-4304-841C-08A334B9E4FF}.Debug|x64.Build.0 = Debug|x64
		{1CEEC8E3-419A-4304-841C-08A334B9E4FF}.Debug|x86.ActiveCfg = Debug|x86
		{1CEEC8E3-419A-4304-841C-08A334B9E4FF}.Debug|x86.Build.0 = Debug|x86
		{1CEEC8E3-419A-4304-841C-08A334B9E4FF}.Release|ARM.ActiveCfg = Release|arm
		{1CEEC8E3-419A-4304-841C-08A334B9E4FF}.Release|ARM.Build.0 = Release|arm
		{1CEEC8E3-419A-4304-841C-08A334B9E4FF}.Release|arm64.ActiveCfg = Release|arm64
		{1CEEC8E3-419A-4304-841C-08A334B9E4FF}.Release|arm64.Build.0 = Release|arm64
		{1CEEC8E3-419A-4304-841C-08A334B9E4FF}.Release|x64.ActiveCfg = Release|x64
		{1CEEC8E3-419A-4304-841C-08A334B9E4FF}.Release|x64.Build.0 = Release|x64
		{1CEEC8E3-419A-4304-841C-08A334B9E4FF}.Release|x86.ActiveCfg = Release|x86
		{1CEEC8E3-419A-4304-841C-08A334B9E4FF}.Release|x86.Build.0 = Release|x86
		{D59C7B8E-5C09-4856-8AF3-25585A888707}.Debug_test|ARM.ActiveCfg = Debug|Any CPU
		{D59C7B8E-5C09-4856-8AF3-25585A888707}.Debug_test|ARM.Build.0 = Debug|Any CPU
		{D59C7B8E-5C09-4856-8AF3-25585A888707}.Debug_test|arm64.ActiveCfg = Debug|Any CPU
		{D59C7B8E-5C09-4856-8AF3-25585A888707}.Debug_test|x64.ActiveCfg = Debug|Any CPU
		{D59C7B8E-5C09-4856-8AF3-25585A888707}.Debug_test|x64.Build.0 = Debug|Any CPU
		{D59C7B8E-5C09-4856-8AF3-25585A888707}.Debug_test|x86.ActiveCfg = Debug|Any CPU
		{D59C7B8E-5C09-4856-8AF3-25585A888707}.Debug_test|x86.Build.0 = Debug|Any CPU
		{D59C7B8E-5C09-4856-8AF3-25585A888707}.Debug|ARM.ActiveCfg = Debug|Any CPU
		{D59C7B8E-5C09-4856-8AF3-25585A888707}.Debug|ARM.Build.0 = Debug|Any CPU
		{D59C7B8E-5C09-4856-8AF3-25585A888707}.Debug|arm64.ActiveCfg = Debug|Any CPU
		{D59C7B8E-5C09-4856-8AF3-25585A888707}.Debug|x64.ActiveCfg = Debug|Any CPU
		{D59C7B8E-5C09-4856-8AF3-25585A888707}.Debug|x64.Build.0 = Debug|Any CPU
		{D59C7B8E-5C09-4856-8AF3-25585A888707}.Debug|x86.ActiveCfg = Debug|Any CPU
		{D59C7B8E-5C09-4856-8AF3-25585A888707}.Debug|x86.Build.0 = Debug|Any CPU
		{D59C7B8E-5C09-4856-8AF3-25585A888707}.Release|ARM.ActiveCfg = Release|Any CPU
		{D59C7B8E-5C09-4856-8AF3-25585A888707}.Release|ARM.Build.0 = Release|Any CPU
		{D59C7B8E-5C09-4856-8AF3-25585A888707}.Release|arm64.ActiveCfg = Release|Any CPU
		{D59C7B8E-5C09-4856-8AF3-25585A888707}.Release|x64.ActiveCfg = Release|Any CPU
		{D59C7B8E-5C09-4856-8AF3-25585A888707}.Release|x64.Build.0 = Release|Any CPU
		{D59C7B8E-5C09-4856-8AF3-25585A888707}.Release|x86.ActiveCfg = Release|Any CPU
		{D59C7B8E-5C09-4856-8AF3-25585A888707}.Release|x86.Build.0 = Release|Any CPU
		{4D8C5D1B-F982-44A1-B744-DD0E51651BF2}.Debug_test|ARM.ActiveCfg = Debug|Any CPU
		{4D8C5D1B-F982-44A1-B744-DD0E51651BF2}.Debug_test|ARM.Build.0 = Debug|Any CPU
		{4D8C5D1B-F982-44A1-B744-DD0E51651BF2}.Debug_test|arm64.ActiveCfg = Debug|Any CPU
		{4D8C5D1B-F982-44A1-B744-DD0E51651BF2}.Debug_test|x64.ActiveCfg = Debug|Any CPU
		{4D8C5D1B-F982-44A1-B744-DD0E51651BF2}.Debug_test|x64.Build.0 = Debug|Any CPU
		{4D8C5D1B-F982-44A1-B744-DD0E51651BF2}.Debug_test|x86.ActiveCfg = Debug|Any CPU
		{4D8C5D1B-F982-44A1-B744-DD0E51651BF2}.Debug_test|x86.Build.0 = Debug|Any CPU
		{4D8C5D1B-F982-44A1-B744-DD0E51651BF2}.Debug|ARM.ActiveCfg = Debug|Any CPU
		{4D8C5D1B-F982-44A1-B744-DD0E51651BF2}.Debug|ARM.Build.0 = Debug|Any CPU
		{4D8C5D1B-F982-44A1-B744-DD0E51651BF2}.Debug|arm64.ActiveCfg = Debug|Any CPU
		{4D8C5D1B-F982-44A1-B744-DD0E51651BF2}.Debug|x64.ActiveCfg = Debug|Any CPU
		{4D8C5D1B-F982-44A1-B744-DD0E51651BF2}.Debug|x64.Build.0 = Debug|Any CPU
		{4D8C5D1B-F982-44A1-B744-DD0E51651BF2}.Debug|x86.ActiveCfg = Debug|Any CPU
		{4D8C5D1B-F982-44A1-B744-DD0E51651BF2}.Debug|x86.Build.0 = Debug|Any CPU
		{4D8C5D1B-F982-44A1-B744-DD0E51651BF2}.Release|ARM.ActiveCfg = Release|Any CPU
		{4D8C5D1B-F982-44A1-B744-DD0E51651BF2}.Release|ARM.Build.0 = Release|Any CPU
		{4D8C5D1B-F982-44A1-B744-DD0E51651BF2}.Release|arm64.ActiveCfg = Release|Any CPU
		{4D8C5D1B-F982-44A1-B744-DD0E51651BF2}.Release|x64.ActiveCfg = Release|Any CPU
		{4D8C5D1B-F982-44A1-B744-DD0E51651BF2}.Release|x64.Build.0 = Release|Any CPU
		{4D8C5D1B-F982-44A1-B744-DD0E51651BF2}.Release|x86.ActiveCfg = Release|Any CPU
		{4D8C5D1B-F982-44A1-B744-DD0E51651BF2}.Release|x86.Build.0 = Release|Any CPU
		{FCC396F5-26DD-4CA3-981E-C7BC9FEA4546}.Debug_test|ARM.ActiveCfg = Debug_test|ARM
		{FCC396F5-26DD-4CA3-981E-C7BC9FEA4546}.Debug_test|arm64.ActiveCfg = Debug_test|arm64
		{FCC396F5-26DD-4CA3-981E-C7BC9FEA4546}.Debug_test|x64.ActiveCfg = Debug_test|x64
		{FCC396F5-26DD-4CA3-981E-C7BC9FEA4546}.Debug_test|x64.Build.0 = Debug_test|x64
		{FCC396F5-26DD-4CA3-981E-C7BC9FEA4546}.Debug_test|x64.Deploy.0 = Debug_test|x64
		{FCC396F5-26DD-4CA3-981E-C7BC9FEA4546}.Debug_test|x86.ActiveCfg = Debug_test|x86
		{FCC396F5-26DD-4CA3-981E-C7BC9FEA4546}.Debug_test|x86.Build.0 = Debug_test|x86
		{FCC396F5-26DD-4CA3-981E-C7BC9FEA4546}.Debug_test|x86.Deploy.0 = Debug_test|x86
		{FCC396F5-26DD-4CA3-981E-C7BC9FEA4546}.Debug|ARM.ActiveCfg = Debug|ARM
		{FCC396F5-26DD-4CA3-981E-C7BC9FEA4546}.Debug|ARM.Build.0 = Debug|ARM
		{FCC396F5-26DD-4CA3-981E-C7BC9FEA4546}.Debug|ARM.Deploy.0 = Debug|ARM
		{FCC396F5-26DD-4CA3-981E-C7BC9FEA4546}.Debug|arm64.ActiveCfg = Debug|arm64
		{FCC396F5-26DD-4CA3-981E-C7BC9FEA4546}.Debug|x64.ActiveCfg = Debug|x64
		{FCC396F5-26DD-4CA3-981E-C7BC9FEA4546}.Debug|x64.Build.0 = Debug|x64
		{FCC396F5-26DD-4CA3-981E-C7BC9FEA4546}.Debug|x64.Deploy.0 = Debug|x64
		{FCC396F5-26DD-4CA3-981E-C7BC9FEA4546}.Debug|x86.ActiveCfg = Debug|x86
		{FCC396F5-26DD-4CA3-981E-C7BC9FEA4546}.Debug|x86.Build.0 = Debug|x86
		{FCC396F5-26DD-4CA3-981E-C7BC9FEA4546}.Debug|x86.Deploy.0 = Debug|x86
		{FCC396F5-26DD-4CA3-981E-C7BC9FEA4546}.Release|ARM.ActiveCfg = Release|ARM
		{FCC396F5-26DD-4CA3-981E-C7BC9FEA4546}.Release|ARM.Build.0 = Release|ARM
		{FCC396F5-26DD-4CA3-981E-C7BC9FEA4546}.Release|ARM.Deploy.0 = Release|ARM
		{FCC396F5-26DD-4CA3-981E-C7BC9FEA4546}.Release|arm64.ActiveCfg = Release|arm64
		{FCC396F5-26DD-4CA3-981E-C7BC9FEA4546}.Release|x64.ActiveCfg = Release|x64
		{FCC396F5-26DD-4CA3-981E-C7BC9FEA4546}.Release|x64.Build.0 = Release|x64
		{FCC396F5-26DD-4CA3-981E-C7BC9FEA4546}.Release|x64.Deploy.0 = Release|x64
		{FCC396F5-26DD-4CA3-981E-C7BC9FEA4546}.Release|x86.ActiveCfg = Release|x86
		{FCC396F5-26DD-4CA3-981E-C7BC9FEA4546}.Release|x86.Build.0 = Release|x86
		{FCC396F5-26DD-4CA3-981E-C7BC9FEA4546}.Release|x86.Deploy.0 = Release|x86
		{74F24BC4-794D-4CB2-8420-80FF7FDACFE9}.Debug_test|ARM.ActiveCfg = Debug_test|ARM
		{74F24BC4-794D-4CB2-8420-80FF7FDACFE9}.Debug_test|ARM.Build.0 = Debug_test|ARM
		{74F24BC4-794D-4CB2-8420-80FF7FDACFE9}.Debug_test|ARM.Deploy.0 = Debug_test|ARM
		{74F24BC4-794D-4CB2-8420-80FF7FDACFE9}.Debug_test|arm64.ActiveCfg = Debug_test|arm64
		{74F24BC4-794D-4CB2-8420-80FF7FDACFE9}.Debug_test|x64.ActiveCfg = Debug_test|x64
		{74F24BC4-794D-4CB2-8420-80FF7FDACFE9}.Debug_test|x64.Build.0 = Debug_test|x64
		{74F24BC4-794D-4CB2-8420-80FF7FDACFE9}.Debug_test|x64.Deploy.0 = Debug_test|x64
		{74F24BC4-794D-4CB2-8420-80FF7FDACFE9}.Debug_test|x86.ActiveCfg = Debug_test|x86
		{74F24BC4-794D-4CB2-8420-80FF7FDACFE9}.Debug_test|x86.Build.0 = Debug_test|x86
		{74F24BC4-794D-4CB2-8420-80FF7FDACFE9}.Debug_test|x86.Deploy.0 = Debug_test|x86
		{74F24BC4-794D-4CB2-8420-80FF7FDACFE9}.Debug|ARM.ActiveCfg = Debug|ARM
		{74F24BC4-794D-4CB2-8420-80FF7FDACFE9}.Debug|ARM.Build.0 = Debug|ARM
		{74F24BC4-794D-4CB2-8420-80FF7FDACFE9}.Debug|ARM.Deploy.0 = Debug|ARM
		{74F24BC4-794D-4CB2-8420-80FF7FDACFE9}.Debug|arm64.ActiveCfg = Debug|arm64
		{74F24BC4-794D-4CB2-8420-80FF7FDACFE9}.Debug|x64.ActiveCfg = Debug|x64
		{74F24BC4-794D-4CB2-8420-80FF7FDACFE9}.Debug|x64.Build.0 = Debug|x64
		{74F24BC4-794D-4CB2-8420-80FF7FDACFE9}.Debug|x64.Deploy.0 = Debug|x64
		{74F24BC4-794D-4CB2-8420-80FF7FDACFE9}.Debug|x86.ActiveCfg = Debug|x86
		{74F24BC4-794D-4CB2-8420-80FF7FDACFE9}.Debug|x86.Build.0 = Debug|x86
		{74F24BC4-794D-4CB2-8420-80FF7FDACFE9}.Debug|x86.Deploy.0 = Debug|x86
		{74F24BC4-794D-4CB2-8420-80FF7FDACFE9}.Release|ARM.ActiveCfg = Release|ARM
		{74F24BC4-794D-4CB2-8420-80FF7FDACFE9}.Release|ARM.Build.0 = Release|ARM
		{74F24BC4-794D-4CB2-8420-80FF7FDACFE9}.Release|ARM.Deploy.0 = Release|ARM
		{74F24BC4-794D-4CB2-8420-80FF7FDACFE9}.Release|arm64.ActiveCfg = Release|arm64
		{74F24BC4-794D-4CB2-8420-80FF7FDACFE9}.Release|x64.ActiveCfg = Release|x64
		{74F24BC4-794D-4CB2-8420-80FF7FDACFE9}.Release|x64.Build.0 = Release|x64
		{74F24BC4-794D-4CB2-8420-80FF7FDACFE9}.Release|x64.Deploy.0 = Release|x64
		{74F24BC4-794D-4CB2-8420-80FF7FDACFE9}.Release|x86.ActiveCfg = Release|x86
		{74F24BC4-794D-4CB2-8420-80FF7FDACFE9}.Release|x86.Build.0 = Release|x86
		{74F24BC4-794D-4CB2-8420-80FF7FDACFE9}.Release|x86.Deploy.0 = Release|x86
		{9638BF0D-2AA8-4642-A9F1-790BF7FBECF2}.Debug_test|ARM.ActiveCfg = Debug_test|Any CPU
		{9638BF0D-2AA8-4642-A9F1-790BF7FBECF2}.Debug_test|ARM.Build.0 = Debug_test|Any CPU
		{9638BF0D-2AA8-4642-A9F1-790BF7FBECF2}.Debug_test|arm64.ActiveCfg = Debug_test|Any CPU
		{9638BF0D-2AA8-4642-A9F1-790BF7FBECF2}.Debug_test|arm64.Build.0 = Debug_test|Any CPU
		{9638BF0D-2AA8-4642-A9F1-790BF7FBECF2}.Debug_test|x64.ActiveCfg = Debug_test|Any CPU
		{9638BF0D-2AA8-4642-A9F1-790BF7FBECF2}.Debug_test|x64.Build.0 = Debug_test|Any CPU
		{9638BF0D-2AA8-4642-A9F1-790BF7FBECF2}.Debug_test|x86.ActiveCfg = Debug_test|Any CPU
		{9638BF0D-2AA8-4642-A9F1-790BF7FBECF2}.Debug_test|x86.Build.0 = Debug_test|Any CPU
		{9638BF0D-2AA8-4642-A9F1-790BF7FBECF2}.Debug|ARM.ActiveCfg = Debug|Any CPU
		{9638BF0D-2AA8-4642-A9F1-790BF7FBECF2}.Debug|ARM.Build.0 = Debug|Any CPU
		{9638BF0D-2AA8-4642-A9F1-790BF7FBECF2}.Debug|arm64.ActiveCfg = Debug|Any CPU
		{9638BF0D-2AA8-4642-A9F1-790BF7FBECF2}.Debug|arm64.Build.0 = Debug|Any CPU
		{9638BF0D-2AA8-4642-A9F1-790BF7FBECF2}.Debug|x64.ActiveCfg = Debug|Any CPU
		{9638BF0D-2AA8-4642-A9F1-790BF7FBECF2}.Debug|x64.Build.0 = Debug|Any CPU
		{9638BF0D-2AA8-4642-A9F1-790BF7FBECF2}.Debug|x86.ActiveCfg = Debug|Any CPU
		{9638BF0D-2AA8-4642-A9F1-790BF7FBECF2}.Debug|x86.Build.0 = Debug|Any CPU
		{9638BF0D-2AA8-4642-A9F1-790BF7FBECF2}.Release|ARM.ActiveCfg = Release|Any CPU
		{9638BF0D-2AA8-4642-A9F1-790BF7FBECF2}.Release|ARM.Build.0 = Release|Any CPU
		{9638BF0D-2AA8-4642-A9F1-790BF7FBECF2}.Release|arm64.ActiveCfg = Release|Any CPU
		{9638BF0D-2AA8-4642-A9F1-790BF7FBECF2}.Release|arm64.Build.0 = Release|Any CPU
		{9638BF0D-2AA8-4642-A9F1-790BF7FBECF2}.Release|x64.ActiveCfg = Release|Any CPU
		{9638BF0D-2AA8-4642-A9F1-790BF7FBECF2}.Release|x64.Build.0 = Release|Any CPU
		{9638BF0D-2AA8-4642-A9F1-790BF7FBECF2}.Release|x86.ActiveCfg = Release|Any CPU
		{9638BF0D-2AA8-4642-A9F1-790BF7FBECF2}.Release|x86.Build.0 = Release|Any CPU
		{128E6F7A-578C-48DC-BD3F-750EC662C268}.Debug_test|ARM.ActiveCfg = Debug|ARM
		{128E6F7A-578C-48DC-BD3F-750EC662C268}.Debug_test|ARM.Build.0 = Debug|ARM
		{128E6F7A-578C-48DC-BD3F-750EC662C268}.Debug_test|arm64.ActiveCfg = Debug|ARM64
		{128E6F7A-578C-48DC-BD3F-750EC662C268}.Debug_test|arm64.Build.0 = Debug|ARM64
		{128E6F7A-578C-48DC-BD3F-750EC662C268}.Debug_test|x64.ActiveCfg = Debug|x64
		{128E6F7A-578C-48DC-BD3F-750EC662C268}.Debug_test|x64.Build.0 = Debug|x64
		{128E6F7A-578C-48DC-BD3F-750EC662C268}.Debug_test|x86.ActiveCfg = Debug|Win32
		{128E6F7A-578C-48DC-BD3F-750EC662C268}.Debug_test|x86.Build.0 = Debug|Win32
		{128E6F7A-578C-48DC-BD3F-750EC662C268}.Debug|ARM.ActiveCfg = Debug|ARM
		{128E6F7A-578C-48DC-BD3F-750EC662C268}.Debug|ARM.Build.0 = Debug|ARM
		{128E6F7A-578C-48DC-BD3F-750EC662C268}.Debug|arm64.ActiveCfg = Debug|ARM64
		{128E6F7A-578C-48DC-BD3F-750EC662C268}.Debug|arm64.Build.0 = Debug|ARM64
		{128E6F7A-578C-48DC-BD3F-750EC662C268}.Debug|x64.ActiveCfg = Debug|x64
		{128E6F7A-578C-48DC-BD3F-750EC662C268}.Debug|x64.Build.0 = Debug|x64
		{128E6F7A-578C-48DC-BD3F-750EC662C268}.Debug|x86.ActiveCfg = Debug|Win32
		{128E6F7A-578C-48DC-BD3F-750EC662C268}.Debug|x86.Build.0 = Debug|Win32
		{128E6F7A-578C-48DC-BD3F-750EC662C268}.Release|ARM.ActiveCfg = Release|ARM
		{128E6F7A-578C-48DC-BD3F-750EC662C268}.Release|ARM.Build.0 = Release|ARM
		{128E6F7A-578C-48DC-BD3F-750EC662C268}.Release|arm64.ActiveCfg = Release|ARM64
		{128E6F7A-578C-48DC-BD3F-750EC662C268}.Release|arm64.Build.0 = Release|ARM64
		{128E6F7A-578C-48DC-BD3F-750EC662C268}.Release|x64.ActiveCfg = Release|x64
		{128E6F7A-578C-48DC-BD3F-750EC662C268}.Release|x64.Build.0 = Release|x64
		{128E6F7A-578C-48DC-BD3F-750EC662C268}.Release|x86.ActiveCfg = Release|Win32
		{128E6F7A-578C-48DC-BD3F-750EC662C268}.Release|x86.Build.0 = Release|Win32
		{DB2DBB48-C807-4F7C-943E-385E77DF7BDE}.Debug_test|ARM.ActiveCfg = Debug|Any CPU
		{DB2DBB48-C807-4F7C-943E-385E77DF7BDE}.Debug_test|ARM.Build.0 = Debug|Any CPU
		{DB2DBB48-C807-4F7C-943E-385E77DF7BDE}.Debug_test|arm64.ActiveCfg = Debug|Any CPU
		{DB2DBB48-C807-4F7C-943E-385E77DF7BDE}.Debug_test|arm64.Build.0 = Debug|Any CPU
		{DB2DBB48-C807-4F7C-943E-385E77DF7BDE}.Debug_test|x64.ActiveCfg = Debug|Any CPU
		{DB2DBB48-C807-4F7C-943E-385E77DF7BDE}.Debug_test|x64.Build.0 = Debug|Any CPU
		{DB2DBB48-C807-4F7C-943E-385E77DF7BDE}.Debug_test|x86.ActiveCfg = Debug|Any CPU
		{DB2DBB48-C807-4F7C-943E-385E77DF7BDE}.Debug_test|x86.Build.0 = Debug|Any CPU
		{DB2DBB48-C807-4F7C-943E-385E77DF7BDE}.Debug|ARM.ActiveCfg = Debug|Any CPU
		{DB2DBB48-C807-4F7C-943E-385E77DF7BDE}.Debug|ARM.Build.0 = Debug|Any CPU
		{DB2DBB48-C807-4F7C-943E-385E77DF7BDE}.Debug|arm64.ActiveCfg = Debug|Any CPU
		{DB2DBB48-C807-4F7C-943E-385E77DF7BDE}.Debug|arm64.Build.0 = Debug|Any CPU
		{DB2DBB48-C807-4F7C-943E-385E77DF7BDE}.Debug|x64.ActiveCfg = Debug|Any CPU
		{DB2DBB48-C807-4F7C-943E-385E77DF7BDE}.Debug|x64.Build.0 = Debug|Any CPU
		{DB2DBB48-C807-4F7C-943E-385E77DF7BDE}.Debug|x86.ActiveCfg = Debug|Any CPU
		{DB2DBB48-C807-4F7C-943E-385E77DF7BDE}.Debug|x86.Build.0 = Debug|Any CPU
		{DB2DBB48-C807-4F7C-943E-385E77DF7BDE}.Release|ARM.ActiveCfg = Release|Any CPU
		{DB2DBB48-C807-4F7C-943E-385E77DF7BDE}.Release|ARM.Build.0 = Release|Any CPU
		{DB2DBB48-C807-4F7C-943E-385E77DF7BDE}.Release|arm64.ActiveCfg = Release|Any CPU
		{DB2DBB48-C807-4F7C-943E-385E77DF7BDE}.Release|arm64.Build.0 = Release|Any CPU
		{DB2DBB48-C807-4F7C-943E-385E77DF7BDE}.Release|x64.ActiveCfg = Release|Any CPU
		{DB2DBB48-C807-4F7C-943E-385E77DF7BDE}.Release|x64.Build.0 = Release|Any CPU
		{DB2DBB48-C807-4F7C-943E-385E77DF7BDE}.Release|x86.ActiveCfg = Release|Any CPU
		{DB2DBB48-C807-4F7C-943E-385E77DF7BDE}.Release|x86.Build.0 = Release|Any CPU
		{6B4C9F2E-6A2C-48AD-944B-49B9E9BF028D}.Debug_test|ARM.ActiveCfg = Debug|Any CPU
		{6B4C9F2E-6A2C-48AD-944B-49B9E9BF028D}.Debug_test|ARM.Build.0 = Debug|Any CPU
		{6B4C9F2E-6A2C-48AD-944B-49B9E9BF028D}.Debug_test|arm64.ActiveCfg = Debug|Any CPU
		{6B4C9F2E-6A2C-48AD-944B-49B9E9BF028D}.Debug_test|arm64.Build.0 = Debug|Any CPU
		{6B4C9F2E-6A2C-48AD-944B-49B9E9BF028D}.Debug_test|x64.ActiveCfg = Debug|Any CPU
		{6B4C9F2E-6A2C-48AD-944B-49B9E9BF028D}.Debug_test|x64.Build.0 = Debug|Any CPU
		{6B4C9F2E-6A2C-48AD-944B-49B9E9BF028D}.Debug_test|x86.ActiveCfg = Debug|Any CPU
		{6B4C9F2E-6A2C-48AD-944B-49B9E9BF028D}.Debug_test|x86.Build.0 = Debug|Any CPU
		{6B4C9F2E-6A2C-48AD-944B-49B9E9BF028D}.Debug|ARM.ActiveCfg = Debug|Any CPU
		{6B4C9F2E-6A2C-48AD-944B-49B9E9BF028D}.Debug|ARM.Build.0 = Debug|Any CPU
		{6B4C9F2E-6A2C-48AD-944B-49B9E9BF028D}.Debug|arm64.ActiveCfg = Debug|Any CPU
		{6B4C9F2E-6A2C-48AD-944B-49B9E9BF028D}.Debug|arm64.Build.0 = Debug|Any CPU
		{6B4C9F2E-6A2C-48AD-944B-49B9E9BF028D}.Debug|x64.ActiveCfg = Debug|Any CPU
		{6B4C9F2E-6A2C-48AD-944B-49B9E9BF028D}.Debug|x64.Build.0 = Debug|Any CPU
		{6B4C9F2E-6A2C-48AD-944B-49B9E9BF028D}.Debug|x86.ActiveCfg = Debug|Any CPU
		{6B4C9F2E-6A2C-48AD-944B-49B9E9BF028D}.Debug|x86.Build.0 = Debug|Any CPU
		{6B4C9F2E-6A2C-48AD-944B-49B9E9BF028D}.Release|ARM.ActiveCfg = Release|Any CPU
		{6B4C9F2E-6A2C-48AD-944B-49B9E9BF028D}.Release|ARM.Build.0 = Release|Any CPU
		{6B4C9F2E-6A2C-48AD-944B-49B9E9BF028D}.Release|arm64.ActiveCfg = Release|Any CPU
		{6B4C9F2E-6A2C-48AD-944B-49B9E9BF028D}.Release|arm64.Build.0 = Release|Any CPU
		{6B4C9F2E-6A2C-48AD-944B-49B9E9BF028D}.Release|x64.ActiveCfg = Release|Any CPU
		{6B4C9F2E-6A2C-48AD-944B-49B9E9BF028D}.Release|x64.Build.0 = Release|Any CPU
		{6B4C9F2E-6A2C-48AD-944B-49B9E9BF028D}.Release|x86.ActiveCfg = Release|Any CPU
		{6B4C9F2E-6A2C-48AD-944B-49B9E9BF028D}.Release|x86.Build.0 = Release|Any CPU
	EndGlobalSection
	GlobalSection(SolutionProperties) = preSolution
		HideSolutionNode = FALSE
	EndGlobalSection
	GlobalSection(NestedProjects) = preSolution
		{80AD7F51-8997-47B9-BB41-078B81CFF9B0} = {5654F115-F01A-495B-91C7-09408ABF14F0}
		{AD0C90B0-4845-4D4B-88F1-86F653F8171B} = {67599AD5-51EC-44CB-85CE-B60CD8CBA270}
		{395A71A1-4327-477B-85D4-AF0851732CCB} = {5654F115-F01A-495B-91C7-09408ABF14F0}
		{1739D66B-9813-4370-AF65-2D297DA28016} = {5EF3865D-EFAC-4676-B1E6-FB09DD7C67FD}
		{CECCF922-C9B8-430B-942D-E1ADB6EC3359} = {1739D66B-9813-4370-AF65-2D297DA28016}
		{B651FAF5-92D5-4574-B2FB-18B0C1AF0738} = {1739D66B-9813-4370-AF65-2D297DA28016}
		{5654F115-F01A-495B-91C7-09408ABF14F0} = {67599AD5-51EC-44CB-85CE-B60CD8CBA270}
		{F11EB84D-8AED-4C99-B130-8BFD4E8D03EB} = {CDC531B5-F8D8-4A8D-8653-0470B07B2404}
		{447F5D0D-9189-4B8A-BCDC-0FE67646DE97} = {CDC531B5-F8D8-4A8D-8653-0470B07B2404}
		{45D41ACC-2C3C-43D2-BC10-02AA73FFC7C7} = {5654F115-F01A-495B-91C7-09408ABF14F0}
		{0DB22BA9-6053-459B-BAF5-E82EA1C78AB3} = {5654F115-F01A-495B-91C7-09408ABF14F0}
		{414D2AE4-5B65-43E1-9C11-D94817835B3D} = {67599AD5-51EC-44CB-85CE-B60CD8CBA270}
		{96707BBD-8D2A-4715-8DDA-3A60E4AF9914} = {414D2AE4-5B65-43E1-9C11-D94817835B3D}
		{3AFFD0CE-C682-4E59-A9D4-BE8EC3F485DA} = {96707BBD-8D2A-4715-8DDA-3A60E4AF9914}
		{CE762527-4CC8-4604-A0DD-9EA4CB29C4A9} = {414D2AE4-5B65-43E1-9C11-D94817835B3D}
		{4993A99D-57AE-4EE7-A3C1-0840ED127608} = {CE762527-4CC8-4604-A0DD-9EA4CB29C4A9}
		{73E823BC-5485-4F26-9B09-8B83C133EE6B} = {67599AD5-51EC-44CB-85CE-B60CD8CBA270}
		{1522A856-17CE-4178-A6B3-0692F90D7C55} = {73E823BC-5485-4F26-9B09-8B83C133EE6B}
		{5FC770CF-73C1-407A-A195-FDFCEDB2930B} = {CDC531B5-F8D8-4A8D-8653-0470B07B2404}
		{F131939C-ECA6-4B18-A798-72229871B403} = {67599AD5-51EC-44CB-85CE-B60CD8CBA270}
		{3479A3AE-2854-4BEC-80AB-EAB0772CB90A} = {F131939C-ECA6-4B18-A798-72229871B403}
		{7B4DCB6D-069F-437C-BD82-E2690F4F23E5} = {447F5D0D-9189-4B8A-BCDC-0FE67646DE97}
		{67D2AC53-8CC0-409F-AD3C-2FCDB0CFBBB4} = {447F5D0D-9189-4B8A-BCDC-0FE67646DE97}
		{5BF80AE9-29DF-4BE9-858A-F095C8073473} = {CE762527-4CC8-4604-A0DD-9EA4CB29C4A9}
		{92081F61-98BB-4105-A90F-B6D524B4F5C9} = {D3327F36-E161-4FED-A0F4-56F2B735827E}
		{02ED27BE-97E4-4327-BB96-8B3FA6869C48} = {F131939C-ECA6-4B18-A798-72229871B403}
		{85A134E5-C83F-44A4-80DF-59F6EBF6C60D} = {5654F115-F01A-495B-91C7-09408ABF14F0}
		{A800E818-7212-4FD7-AE3A-1DCAB539DB87} = {96707BBD-8D2A-4715-8DDA-3A60E4AF9914}
		{593E15D8-F6F9-4ABA-BA65-C6927C178DBD} = {96707BBD-8D2A-4715-8DDA-3A60E4AF9914}
		{F601284A-00C1-49F9-99B3-70D45585F784} = {96707BBD-8D2A-4715-8DDA-3A60E4AF9914}
		{1F2872E7-28C9-4C01-88ED-73C43EE1C9A4} = {CE762527-4CC8-4604-A0DD-9EA4CB29C4A9}
		{5FE8E48E-0A1E-4443-B0B7-B6F25A96829E} = {5EF3865D-EFAC-4676-B1E6-FB09DD7C67FD}
		{23ED12A5-D2CB-4D6C-82B7-2D18060699F6} = {1739D66B-9813-4370-AF65-2D297DA28016}
		{5BD2E9D8-DC70-4CA9-91CD-B38746E68746} = {1739D66B-9813-4370-AF65-2D297DA28016}
		{5049EA6C-88CE-4ED5-8692-947EEC9E52BC} = {CE762527-4CC8-4604-A0DD-9EA4CB29C4A9}
		{EE9F64DF-7F2B-45F0-82AA-F0DFF577AB82} = {5EF3865D-EFAC-4676-B1E6-FB09DD7C67FD}
		{848448D5-F717-4F88-8F99-311CD60587FA} = {5654F115-F01A-495B-91C7-09408ABF14F0}
		{06BD5D83-CB4B-4FA9-8931-89BDB212B9AF} = {EE9F64DF-7F2B-45F0-82AA-F0DFF577AB82}
		{3393A555-DA02-4310-AC37-129EE88661A0} = {67599AD5-51EC-44CB-85CE-B60CD8CBA270}
		{5D192660-07E0-4176-AE0A-EFEBAFA3C315} = {3393A555-DA02-4310-AC37-129EE88661A0}
		{8DC0EA14-D850-4C6E-8918-BEEB89E877BD} = {5D192660-07E0-4176-AE0A-EFEBAFA3C315}
		{C332CEAF-68B6-4980-B6F3-B15E350CDCE0} = {5D192660-07E0-4176-AE0A-EFEBAFA3C315}
		{2459BC06-2AE5-4C65-BA73-AB28090B6FAB} = {5D192660-07E0-4176-AE0A-EFEBAFA3C315}
		{11B35F24-72B2-4228-9960-0D1EA283E1AF} = {5D192660-07E0-4176-AE0A-EFEBAFA3C315}
		{F518C300-1796-49AB-9A4F-0530BB285245} = {3393A555-DA02-4310-AC37-129EE88661A0}
		{D097A4D5-6B61-424D-99F0-F335EFF41665} = {F518C300-1796-49AB-9A4F-0530BB285245}
		{48F7B68B-8050-4523-8374-963AA3B2834F} = {F518C300-1796-49AB-9A4F-0530BB285245}
		{BBBB0ADD-4E05-430C-9FFD-08A299FD1B06} = {F518C300-1796-49AB-9A4F-0530BB285245}
		{80F1F883-D49B-407D-9E77-C9B0E62B61A9} = {F518C300-1796-49AB-9A4F-0530BB285245}
		{C112A71E-D9C2-4085-851A-A7BB2910595D} = {67599AD5-51EC-44CB-85CE-B60CD8CBA270}
		{11C085FF-8F68-48EE-9949-6EECBD0CBE6C} = {C112A71E-D9C2-4085-851A-A7BB2910595D}
		{8F6F9336-C45C-40C1-ABDA-3679A20434B1} = {C112A71E-D9C2-4085-851A-A7BB2910595D}
		{16F32F80-A8B6-44E0-9D99-0E1C2C8E0579} = {C112A71E-D9C2-4085-851A-A7BB2910595D}
		{E63F1C1D-F06D-46A0-B5C2-184184E44F29} = {C112A71E-D9C2-4085-851A-A7BB2910595D}
		{FB0D3053-3135-403F-B542-977F3B781673} = {D3327F36-E161-4FED-A0F4-56F2B735827E}
		{A7F6D6C4-A5A9-43EB-930C-B766417A5E5C} = {807E57C8-F3E8-4049-AB88-BE3D3285B441}
		{A25AE312-7C11-4E30-AE35-2E31C744A250} = {807E57C8-F3E8-4049-AB88-BE3D3285B441}
		{807E57C8-F3E8-4049-AB88-BE3D3285B441} = {67599AD5-51EC-44CB-85CE-B60CD8CBA270}
		{3A07FA59-C5C1-4B46-8B31-043F9CA91226} = {807E57C8-F3E8-4049-AB88-BE3D3285B441}
		{FBC396F5-26DD-4CA3-981E-C7BC9FEA4546} = {666B53C4-A747-4538-AA51-8FF9DEE1BF60}
		{DEDC1E4F-CFA5-4443-83EB-E79D425DF7E7} = {666B53C4-A747-4538-AA51-8FF9DEE1BF60}
		{E9FC52CD-519A-41BB-8092-523FFA9D5617} = {85F9040A-109D-42FF-9BE3-4CF4181DDEF1}
		{DE061ED1-947E-487C-81B8-32E92E85B95F} = {C9B1268D-8639-424F-8AEC-EF4EC5459184}
		{C9B1268D-8639-424F-8AEC-EF4EC5459184} = {D3327F36-E161-4FED-A0F4-56F2B735827E}
		{85F9040A-109D-42FF-9BE3-4CF4181DDEF1} = {D3327F36-E161-4FED-A0F4-56F2B735827E}
		{666B53C4-A747-4538-AA51-8FF9DEE1BF60} = {D3327F36-E161-4FED-A0F4-56F2B735827E}
		{1CEEC8E3-419A-4304-841C-08A334B9E4FF} = {67599AD5-51EC-44CB-85CE-B60CD8CBA270}
		{6AA772A6-CBF7-4FF3-8864-BC9366015DC2} = {666B53C4-A747-4538-AA51-8FF9DEE1BF60}
		{D59C7B8E-5C09-4856-8AF3-25585A888707} = {85F9040A-109D-42FF-9BE3-4CF4181DDEF1}
		{4D8C5D1B-F982-44A1-B744-DD0E51651BF2} = {85F9040A-109D-42FF-9BE3-4CF4181DDEF1}
		{FCC396F5-26DD-4CA3-981E-C7BC9FEA4546} = {C9B1268D-8639-424F-8AEC-EF4EC5459184}
		{74F24BC4-794D-4CB2-8420-80FF7FDACFE9} = {C9B1268D-8639-424F-8AEC-EF4EC5459184}
		{BA914F48-E924-4FD2-AEE1-264F67DB6C9F} = {807E57C8-F3E8-4049-AB88-BE3D3285B441}
		{9638BF0D-2AA8-4642-A9F1-790BF7FBECF2} = {67599AD5-51EC-44CB-85CE-B60CD8CBA270}
		{C0215617-A17B-45DB-9CDA-C46C0923DA55} = {D3327F36-E161-4FED-A0F4-56F2B735827E}
		{128E6F7A-578C-48DC-BD3F-750EC662C268} = {C0215617-A17B-45DB-9CDA-C46C0923DA55}
		{107794D7-4BE0-407E-A76C-EFA46D1E9F93} = {C0215617-A17B-45DB-9CDA-C46C0923DA55}
		{DB2DBB48-C807-4F7C-943E-385E77DF7BDE} = {C0215617-A17B-45DB-9CDA-C46C0923DA55}
		{6B4C9F2E-6A2C-48AD-944B-49B9E9BF028D} = {C0215617-A17B-45DB-9CDA-C46C0923DA55}
		{5693A4DE-E468-4EB1-86C2-1C3EEE4C75DC} = {414D2AE4-5B65-43E1-9C11-D94817835B3D}
		{99AF040E-B77B-487D-9CC8-3334E1F1162A} = {5693A4DE-E468-4EB1-86C2-1C3EEE4C75DC}
		{B2DBABB6-2CE4-49A4-84E8-4CBC6F4BA8EF} = {5693A4DE-E468-4EB1-86C2-1C3EEE4C75DC}
		{E4E384EF-7A6C-4DB4-9E59-2D9B45871544} = {5693A4DE-E468-4EB1-86C2-1C3EEE4C75DC}
	EndGlobalSection
	GlobalSection(ExtensibilityGlobals) = postSolution
		SolutionGuid = {D93836AB-52D3-4DE2-AE25-23F26F55ECED}
	EndGlobalSection
EndGlobal
